
Microsoft Visual Studio Solution File, Format Version 12.00
# Visual Studio 15
VisualStudioVersion = 15.0.26124.0
MinimumVisualStudioVersion = 15.0.26124.0
Project("{2150E333-8FDC-42A3-9474-1A3956D46DE8}") = "device-telemetry", "device-telemetry", "{A4BC896C-EF2E-4795-84F6-4D2DEF18BD20}"
EndProject
Project("{FAE04EC0-301F-11D3-BF4B-00C04F79EFBC}") = "Services", "device-telemetry\Services\Services.csproj", "{15A4355E-C91C-4448-97E3-829C48E47E0E}"
EndProject
Project("{FAE04EC0-301F-11D3-BF4B-00C04F79EFBC}") = "Services.Test", "device-telemetry\Services.Test\Services.Test.csproj", "{13FD3D03-0582-41A1-8EE4-A0DAA30F7D8F}"
EndProject
Project("{FAE04EC0-301F-11D3-BF4B-00C04F79EFBC}") = "WebService", "device-telemetry\WebService\WebService.csproj", "{818E09C6-6895-4A68-8061-1260B2955FC7}"
EndProject
Project("{FAE04EC0-301F-11D3-BF4B-00C04F79EFBC}") = "WebService.Test", "device-telemetry\WebService.Test\WebService.Test.csproj", "{4EC80021-30CB-4B37-A59C-E19C9228E4CC}"
EndProject
Project("{2150E333-8FDC-42A3-9474-1A3956D46DE8}") = "pcs-auth", "pcs-auth", "{CD9478DF-41BC-41F1-B70F-83D86A5C57DA}"
EndProject
Project("{FAE04EC0-301F-11D3-BF4B-00C04F79EFBC}") = "Services", "pcs-auth\Services\Services.csproj", "{7A5DB01E-57A4-43FF-892D-22ECF9535CA6}"
EndProject
Project("{FAE04EC0-301F-11D3-BF4B-00C04F79EFBC}") = "Services.Test", "pcs-auth\Services.Test\Services.Test.csproj", "{5BD600B0-3671-49C8-847D-AEA35CB4FB19}"
EndProject
Project("{FAE04EC0-301F-11D3-BF4B-00C04F79EFBC}") = "WebService", "pcs-auth\WebService\WebService.csproj", "{D97D5A99-139F-4F5B-9EBF-9DCA8152DE6D}"
EndProject
Project("{FAE04EC0-301F-11D3-BF4B-00C04F79EFBC}") = "WebService.Test", "pcs-auth\WebService.Test\WebService.Test.csproj", "{27EF6A7B-67DF-498A-B2C3-54043DE436F3}"
EndProject
Project("{2150E333-8FDC-42A3-9474-1A3956D46DE8}") = "iothub-manager", "iothub-manager", "{0193DE4A-3A7B-4CDD-9383-D1732AD9A79D}"
EndProject
Project("{FAE04EC0-301F-11D3-BF4B-00C04F79EFBC}") = "Services", "iothub-manager\Services\Services.csproj", "{FD1579C6-1A82-4CD0-9E9F-D7C1A61923DE}"
EndProject
Project("{FAE04EC0-301F-11D3-BF4B-00C04F79EFBC}") = "Services.Test", "iothub-manager\Services.Test\Services.Test.csproj", "{BDF2479E-76D3-4A3A-B0DE-E9ABE7C557D4}"
EndProject
Project("{FAE04EC0-301F-11D3-BF4B-00C04F79EFBC}") = "WebService", "iothub-manager\WebService\WebService.csproj", "{3BA47BA5-A680-4726-9638-35DC8E40D996}"
EndProject
Project("{FAE04EC0-301F-11D3-BF4B-00C04F79EFBC}") = "WebService.Test", "iothub-manager\WebService.Test\WebService.Test.csproj", "{4B41D7B0-DD29-42F5-9ECB-52E4B9BA336F}"
EndProject
Project("{2150E333-8FDC-42A3-9474-1A3956D46DE8}") = "pcs-config", "pcs-config", "{CFE5426A-E83F-4DE4-BB98-2F0832A95026}"
EndProject
Project("{FAE04EC0-301F-11D3-BF4B-00C04F79EFBC}") = "Services", "pcs-config\Services\Services.csproj", "{3260296F-E28B-46A6-B152-C880AC3725C7}"
EndProject
Project("{FAE04EC0-301F-11D3-BF4B-00C04F79EFBC}") = "Services.Test", "pcs-config\Services.Test\Services.Test.csproj", "{580B1D3C-CE92-4C3A-B7B5-ECE033CD75FA}"
EndProject
Project("{FAE04EC0-301F-11D3-BF4B-00C04F79EFBC}") = "WebService", "pcs-config\WebService\WebService.csproj", "{4E51C31E-D4AE-43B8-9A50-88C478CAEEA9}"
EndProject
Project("{FAE04EC0-301F-11D3-BF4B-00C04F79EFBC}") = "WebService.Test", "pcs-config\WebService.Test\WebService.Test.csproj", "{0D08C6ED-A4EA-4542-AFEF-C0B9528C898E}"
EndProject
Project("{2150E333-8FDC-42A3-9474-1A3956D46DE8}") = "pcs-storage-adapter", "pcs-storage-adapter", "{1FE63A88-8D0A-4DB3-B800-E13A757732E0}"
EndProject
Project("{FAE04EC0-301F-11D3-BF4B-00C04F79EFBC}") = "Services", "pcs-storage-adapter\Services\Services.csproj", "{79220AFC-D0E5-4FF2-983D-76A62FDCF676}"
EndProject
Project("{FAE04EC0-301F-11D3-BF4B-00C04F79EFBC}") = "Services.Test", "pcs-storage-adapter\Services.Test\Services.Test.csproj", "{1CDF4423-4ADE-4FB7-9CD7-C3758057A427}"
EndProject
Project("{FAE04EC0-301F-11D3-BF4B-00C04F79EFBC}") = "WebService", "pcs-storage-adapter\WebService\WebService.csproj", "{1A6E7601-028F-469B-9D48-316D1CE716F0}"
EndProject
Project("{FAE04EC0-301F-11D3-BF4B-00C04F79EFBC}") = "WebService.Test", "pcs-storage-adapter\WebService.Test\WebService.Test.csproj", "{604CF792-AFB5-4A41-9D84-1FEDD8B4E415}"
EndProject
Project("{2150E333-8FDC-42A3-9474-1A3956D46DE8}") = "device-simulation", "device-simulation", "{BE251A14-F48C-49B4-B12F-12F88F46160C}"
EndProject
Project("{FAE04EC0-301F-11D3-BF4B-00C04F79EFBC}") = "Services", "device-simulation\Services\Services.csproj", "{5C1F3834-4CD8-4669-A794-4FE4DA187B49}"
EndProject
Project("{FAE04EC0-301F-11D3-BF4B-00C04F79EFBC}") = "Services.Test", "device-simulation\Services.Test\Services.Test.csproj", "{9DFBB993-F112-482B-BBB7-33262831CD7D}"
EndProject
Project("{FAE04EC0-301F-11D3-BF4B-00C04F79EFBC}") = "WebService", "device-simulation\WebService\WebService.csproj", "{185DD010-3439-4135-99A8-A200808A050B}"
EndProject
Project("{FAE04EC0-301F-11D3-BF4B-00C04F79EFBC}") = "WebService.Test", "device-simulation\WebService.Test\WebService.Test.csproj", "{AEDE9E8B-7F1B-4E0D-AD08-1B999566DA4B}"
EndProject
Project("{2150E333-8FDC-42A3-9474-1A3956D46DE8}") = "asa-manager", "asa-manager", "{82CBCDC8-1E72-42EE-964E-FC00DD4124D3}"
EndProject
Project("{FAE04EC0-301F-11D3-BF4B-00C04F79EFBC}") = "Services", "asa-manager\Services\Services.csproj", "{94F4F29E-7667-480F-B443-38CC8331127F}"
EndProject
Project("{FAE04EC0-301F-11D3-BF4B-00C04F79EFBC}") = "Services.Test", "asa-manager\Services.Test\Services.Test.csproj", "{B9120FD0-683D-413D-A257-83A5430C8157}"
EndProject
Project("{FAE04EC0-301F-11D3-BF4B-00C04F79EFBC}") = "WebService", "asa-manager\WebService\WebService.csproj", "{B6BFA9B3-EF71-43F3-8DBB-526F7DE1FDCE}"
EndProject
Project("{FAE04EC0-301F-11D3-BF4B-00C04F79EFBC}") = "WebService.Test", "asa-manager\WebService.Test\WebService.Test.csproj", "{BBBF3C6C-811B-49A3-90AA-87285FC85E03}"
EndProject
Global
	GlobalSection(SolutionConfigurationPlatforms) = preSolution
		Debug|Any CPU = Debug|Any CPU
		Debug|x64 = Debug|x64
		Debug|x86 = Debug|x86
		Release|Any CPU = Release|Any CPU
		Release|x64 = Release|x64
		Release|x86 = Release|x86
	EndGlobalSection
	GlobalSection(SolutionProperties) = preSolution
		HideSolutionNode = FALSE
	EndGlobalSection
	GlobalSection(ProjectConfigurationPlatforms) = postSolution
		{15A4355E-C91C-4448-97E3-829C48E47E0E}.Debug|Any CPU.ActiveCfg = Debug|Any CPU
		{15A4355E-C91C-4448-97E3-829C48E47E0E}.Debug|Any CPU.Build.0 = Debug|Any CPU
		{15A4355E-C91C-4448-97E3-829C48E47E0E}.Debug|x64.ActiveCfg = Debug|x64
		{15A4355E-C91C-4448-97E3-829C48E47E0E}.Debug|x64.Build.0 = Debug|x64
		{15A4355E-C91C-4448-97E3-829C48E47E0E}.Debug|x86.ActiveCfg = Debug|x86
		{15A4355E-C91C-4448-97E3-829C48E47E0E}.Debug|x86.Build.0 = Debug|x86
		{15A4355E-C91C-4448-97E3-829C48E47E0E}.Release|Any CPU.ActiveCfg = Release|Any CPU
		{15A4355E-C91C-4448-97E3-829C48E47E0E}.Release|Any CPU.Build.0 = Release|Any CPU
		{15A4355E-C91C-4448-97E3-829C48E47E0E}.Release|x64.ActiveCfg = Release|x64
		{15A4355E-C91C-4448-97E3-829C48E47E0E}.Release|x64.Build.0 = Release|x64
		{15A4355E-C91C-4448-97E3-829C48E47E0E}.Release|x86.ActiveCfg = Release|x86
		{15A4355E-C91C-4448-97E3-829C48E47E0E}.Release|x86.Build.0 = Release|x86
		{13FD3D03-0582-41A1-8EE4-A0DAA30F7D8F}.Debug|Any CPU.ActiveCfg = Debug|Any CPU
		{13FD3D03-0582-41A1-8EE4-A0DAA30F7D8F}.Debug|Any CPU.Build.0 = Debug|Any CPU
		{13FD3D03-0582-41A1-8EE4-A0DAA30F7D8F}.Debug|x64.ActiveCfg = Debug|x64
		{13FD3D03-0582-41A1-8EE4-A0DAA30F7D8F}.Debug|x64.Build.0 = Debug|x64
		{13FD3D03-0582-41A1-8EE4-A0DAA30F7D8F}.Debug|x86.ActiveCfg = Debug|x86
		{13FD3D03-0582-41A1-8EE4-A0DAA30F7D8F}.Debug|x86.Build.0 = Debug|x86
		{13FD3D03-0582-41A1-8EE4-A0DAA30F7D8F}.Release|Any CPU.ActiveCfg = Release|Any CPU
		{13FD3D03-0582-41A1-8EE4-A0DAA30F7D8F}.Release|Any CPU.Build.0 = Release|Any CPU
		{13FD3D03-0582-41A1-8EE4-A0DAA30F7D8F}.Release|x64.ActiveCfg = Release|x64
		{13FD3D03-0582-41A1-8EE4-A0DAA30F7D8F}.Release|x64.Build.0 = Release|x64
		{13FD3D03-0582-41A1-8EE4-A0DAA30F7D8F}.Release|x86.ActiveCfg = Release|x86
		{13FD3D03-0582-41A1-8EE4-A0DAA30F7D8F}.Release|x86.Build.0 = Release|x86
		{818E09C6-6895-4A68-8061-1260B2955FC7}.Debug|Any CPU.ActiveCfg = Debug|Any CPU
		{818E09C6-6895-4A68-8061-1260B2955FC7}.Debug|Any CPU.Build.0 = Debug|Any CPU
		{818E09C6-6895-4A68-8061-1260B2955FC7}.Debug|x64.ActiveCfg = Debug|x64
		{818E09C6-6895-4A68-8061-1260B2955FC7}.Debug|x64.Build.0 = Debug|x64
		{818E09C6-6895-4A68-8061-1260B2955FC7}.Debug|x86.ActiveCfg = Debug|x86
		{818E09C6-6895-4A68-8061-1260B2955FC7}.Debug|x86.Build.0 = Debug|x86
		{818E09C6-6895-4A68-8061-1260B2955FC7}.Release|Any CPU.ActiveCfg = Release|Any CPU
		{818E09C6-6895-4A68-8061-1260B2955FC7}.Release|Any CPU.Build.0 = Release|Any CPU
		{818E09C6-6895-4A68-8061-1260B2955FC7}.Release|x64.ActiveCfg = Release|x64
		{818E09C6-6895-4A68-8061-1260B2955FC7}.Release|x64.Build.0 = Release|x64
		{818E09C6-6895-4A68-8061-1260B2955FC7}.Release|x86.ActiveCfg = Release|x86
		{818E09C6-6895-4A68-8061-1260B2955FC7}.Release|x86.Build.0 = Release|x86
		{4EC80021-30CB-4B37-A59C-E19C9228E4CC}.Debug|Any CPU.ActiveCfg = Debug|Any CPU
		{4EC80021-30CB-4B37-A59C-E19C9228E4CC}.Debug|Any CPU.Build.0 = Debug|Any CPU
		{4EC80021-30CB-4B37-A59C-E19C9228E4CC}.Debug|x64.ActiveCfg = Debug|x64
		{4EC80021-30CB-4B37-A59C-E19C9228E4CC}.Debug|x64.Build.0 = Debug|x64
		{4EC80021-30CB-4B37-A59C-E19C9228E4CC}.Debug|x86.ActiveCfg = Debug|x86
		{4EC80021-30CB-4B37-A59C-E19C9228E4CC}.Debug|x86.Build.0 = Debug|x86
		{4EC80021-30CB-4B37-A59C-E19C9228E4CC}.Release|Any CPU.ActiveCfg = Release|Any CPU
		{4EC80021-30CB-4B37-A59C-E19C9228E4CC}.Release|Any CPU.Build.0 = Release|Any CPU
		{4EC80021-30CB-4B37-A59C-E19C9228E4CC}.Release|x64.ActiveCfg = Release|x64
		{4EC80021-30CB-4B37-A59C-E19C9228E4CC}.Release|x64.Build.0 = Release|x64
		{4EC80021-30CB-4B37-A59C-E19C9228E4CC}.Release|x86.ActiveCfg = Release|x86
		{4EC80021-30CB-4B37-A59C-E19C9228E4CC}.Release|x86.Build.0 = Release|x86
		{7A5DB01E-57A4-43FF-892D-22ECF9535CA6}.Debug|Any CPU.ActiveCfg = Debug|Any CPU
		{7A5DB01E-57A4-43FF-892D-22ECF9535CA6}.Debug|Any CPU.Build.0 = Debug|Any CPU
		{7A5DB01E-57A4-43FF-892D-22ECF9535CA6}.Debug|x64.ActiveCfg = Debug|x64
		{7A5DB01E-57A4-43FF-892D-22ECF9535CA6}.Debug|x64.Build.0 = Debug|x64
		{7A5DB01E-57A4-43FF-892D-22ECF9535CA6}.Debug|x86.ActiveCfg = Debug|x86
		{7A5DB01E-57A4-43FF-892D-22ECF9535CA6}.Debug|x86.Build.0 = Debug|x86
		{7A5DB01E-57A4-43FF-892D-22ECF9535CA6}.Release|Any CPU.ActiveCfg = Release|Any CPU
		{7A5DB01E-57A4-43FF-892D-22ECF9535CA6}.Release|Any CPU.Build.0 = Release|Any CPU
		{7A5DB01E-57A4-43FF-892D-22ECF9535CA6}.Release|x64.ActiveCfg = Release|x64
		{7A5DB01E-57A4-43FF-892D-22ECF9535CA6}.Release|x64.Build.0 = Release|x64
		{7A5DB01E-57A4-43FF-892D-22ECF9535CA6}.Release|x86.ActiveCfg = Release|x86
		{7A5DB01E-57A4-43FF-892D-22ECF9535CA6}.Release|x86.Build.0 = Release|x86
		{5BD600B0-3671-49C8-847D-AEA35CB4FB19}.Debug|Any CPU.ActiveCfg = Debug|Any CPU
		{5BD600B0-3671-49C8-847D-AEA35CB4FB19}.Debug|Any CPU.Build.0 = Debug|Any CPU
		{5BD600B0-3671-49C8-847D-AEA35CB4FB19}.Debug|x64.ActiveCfg = Debug|x64
		{5BD600B0-3671-49C8-847D-AEA35CB4FB19}.Debug|x64.Build.0 = Debug|x64
		{5BD600B0-3671-49C8-847D-AEA35CB4FB19}.Debug|x86.ActiveCfg = Debug|x86
		{5BD600B0-3671-49C8-847D-AEA35CB4FB19}.Debug|x86.Build.0 = Debug|x86
		{5BD600B0-3671-49C8-847D-AEA35CB4FB19}.Release|Any CPU.ActiveCfg = Release|Any CPU
		{5BD600B0-3671-49C8-847D-AEA35CB4FB19}.Release|Any CPU.Build.0 = Release|Any CPU
		{5BD600B0-3671-49C8-847D-AEA35CB4FB19}.Release|x64.ActiveCfg = Release|x64
		{5BD600B0-3671-49C8-847D-AEA35CB4FB19}.Release|x64.Build.0 = Release|x64
		{5BD600B0-3671-49C8-847D-AEA35CB4FB19}.Release|x86.ActiveCfg = Release|x86
		{5BD600B0-3671-49C8-847D-AEA35CB4FB19}.Release|x86.Build.0 = Release|x86
		{D97D5A99-139F-4F5B-9EBF-9DCA8152DE6D}.Debug|Any CPU.ActiveCfg = Debug|Any CPU
		{D97D5A99-139F-4F5B-9EBF-9DCA8152DE6D}.Debug|Any CPU.Build.0 = Debug|Any CPU
		{D97D5A99-139F-4F5B-9EBF-9DCA8152DE6D}.Debug|x64.ActiveCfg = Debug|x64
		{D97D5A99-139F-4F5B-9EBF-9DCA8152DE6D}.Debug|x64.Build.0 = Debug|x64
		{D97D5A99-139F-4F5B-9EBF-9DCA8152DE6D}.Debug|x86.ActiveCfg = Debug|x86
		{D97D5A99-139F-4F5B-9EBF-9DCA8152DE6D}.Debug|x86.Build.0 = Debug|x86
		{D97D5A99-139F-4F5B-9EBF-9DCA8152DE6D}.Release|Any CPU.ActiveCfg = Release|Any CPU
		{D97D5A99-139F-4F5B-9EBF-9DCA8152DE6D}.Release|Any CPU.Build.0 = Release|Any CPU
		{D97D5A99-139F-4F5B-9EBF-9DCA8152DE6D}.Release|x64.ActiveCfg = Release|x64
		{D97D5A99-139F-4F5B-9EBF-9DCA8152DE6D}.Release|x64.Build.0 = Release|x64
		{D97D5A99-139F-4F5B-9EBF-9DCA8152DE6D}.Release|x86.ActiveCfg = Release|x86
		{D97D5A99-139F-4F5B-9EBF-9DCA8152DE6D}.Release|x86.Build.0 = Release|x86
		{27EF6A7B-67DF-498A-B2C3-54043DE436F3}.Debug|Any CPU.ActiveCfg = Debug|Any CPU
		{27EF6A7B-67DF-498A-B2C3-54043DE436F3}.Debug|Any CPU.Build.0 = Debug|Any CPU
		{27EF6A7B-67DF-498A-B2C3-54043DE436F3}.Debug|x64.ActiveCfg = Debug|x64
		{27EF6A7B-67DF-498A-B2C3-54043DE436F3}.Debug|x64.Build.0 = Debug|x64
		{27EF6A7B-67DF-498A-B2C3-54043DE436F3}.Debug|x86.ActiveCfg = Debug|x86
		{27EF6A7B-67DF-498A-B2C3-54043DE436F3}.Debug|x86.Build.0 = Debug|x86
		{27EF6A7B-67DF-498A-B2C3-54043DE436F3}.Release|Any CPU.ActiveCfg = Release|Any CPU
		{27EF6A7B-67DF-498A-B2C3-54043DE436F3}.Release|Any CPU.Build.0 = Release|Any CPU
		{27EF6A7B-67DF-498A-B2C3-54043DE436F3}.Release|x64.ActiveCfg = Release|x64
		{27EF6A7B-67DF-498A-B2C3-54043DE436F3}.Release|x64.Build.0 = Release|x64
		{27EF6A7B-67DF-498A-B2C3-54043DE436F3}.Release|x86.ActiveCfg = Release|x86
		{27EF6A7B-67DF-498A-B2C3-54043DE436F3}.Release|x86.Build.0 = Release|x86
		{FD1579C6-1A82-4CD0-9E9F-D7C1A61923DE}.Debug|Any CPU.ActiveCfg = Debug|Any CPU
		{FD1579C6-1A82-4CD0-9E9F-D7C1A61923DE}.Debug|Any CPU.Build.0 = Debug|Any CPU
		{FD1579C6-1A82-4CD0-9E9F-D7C1A61923DE}.Debug|x64.ActiveCfg = Debug|x64
		{FD1579C6-1A82-4CD0-9E9F-D7C1A61923DE}.Debug|x64.Build.0 = Debug|x64
		{FD1579C6-1A82-4CD0-9E9F-D7C1A61923DE}.Debug|x86.ActiveCfg = Debug|x86
		{FD1579C6-1A82-4CD0-9E9F-D7C1A61923DE}.Debug|x86.Build.0 = Debug|x86
		{FD1579C6-1A82-4CD0-9E9F-D7C1A61923DE}.Release|Any CPU.ActiveCfg = Release|Any CPU
		{FD1579C6-1A82-4CD0-9E9F-D7C1A61923DE}.Release|Any CPU.Build.0 = Release|Any CPU
		{FD1579C6-1A82-4CD0-9E9F-D7C1A61923DE}.Release|x64.ActiveCfg = Release|x64
		{FD1579C6-1A82-4CD0-9E9F-D7C1A61923DE}.Release|x64.Build.0 = Release|x64
		{FD1579C6-1A82-4CD0-9E9F-D7C1A61923DE}.Release|x86.ActiveCfg = Release|x86
		{FD1579C6-1A82-4CD0-9E9F-D7C1A61923DE}.Release|x86.Build.0 = Release|x86
		{BDF2479E-76D3-4A3A-B0DE-E9ABE7C557D4}.Debug|Any CPU.ActiveCfg = Debug|Any CPU
		{BDF2479E-76D3-4A3A-B0DE-E9ABE7C557D4}.Debug|Any CPU.Build.0 = Debug|Any CPU
		{BDF2479E-76D3-4A3A-B0DE-E9ABE7C557D4}.Debug|x64.ActiveCfg = Debug|x64
		{BDF2479E-76D3-4A3A-B0DE-E9ABE7C557D4}.Debug|x64.Build.0 = Debug|x64
		{BDF2479E-76D3-4A3A-B0DE-E9ABE7C557D4}.Debug|x86.ActiveCfg = Debug|x86
		{BDF2479E-76D3-4A3A-B0DE-E9ABE7C557D4}.Debug|x86.Build.0 = Debug|x86
		{BDF2479E-76D3-4A3A-B0DE-E9ABE7C557D4}.Release|Any CPU.ActiveCfg = Release|Any CPU
		{BDF2479E-76D3-4A3A-B0DE-E9ABE7C557D4}.Release|Any CPU.Build.0 = Release|Any CPU
		{BDF2479E-76D3-4A3A-B0DE-E9ABE7C557D4}.Release|x64.ActiveCfg = Release|x64
		{BDF2479E-76D3-4A3A-B0DE-E9ABE7C557D4}.Release|x64.Build.0 = Release|x64
		{BDF2479E-76D3-4A3A-B0DE-E9ABE7C557D4}.Release|x86.ActiveCfg = Release|x86
		{BDF2479E-76D3-4A3A-B0DE-E9ABE7C557D4}.Release|x86.Build.0 = Release|x86
		{3BA47BA5-A680-4726-9638-35DC8E40D996}.Debug|Any CPU.ActiveCfg = Debug|Any CPU
		{3BA47BA5-A680-4726-9638-35DC8E40D996}.Debug|Any CPU.Build.0 = Debug|Any CPU
		{3BA47BA5-A680-4726-9638-35DC8E40D996}.Debug|x64.ActiveCfg = Debug|x64
		{3BA47BA5-A680-4726-9638-35DC8E40D996}.Debug|x64.Build.0 = Debug|x64
		{3BA47BA5-A680-4726-9638-35DC8E40D996}.Debug|x86.ActiveCfg = Debug|x86
		{3BA47BA5-A680-4726-9638-35DC8E40D996}.Debug|x86.Build.0 = Debug|x86
		{3BA47BA5-A680-4726-9638-35DC8E40D996}.Release|Any CPU.ActiveCfg = Release|Any CPU
		{3BA47BA5-A680-4726-9638-35DC8E40D996}.Release|Any CPU.Build.0 = Release|Any CPU
		{3BA47BA5-A680-4726-9638-35DC8E40D996}.Release|x64.ActiveCfg = Release|x64
		{3BA47BA5-A680-4726-9638-35DC8E40D996}.Release|x64.Build.0 = Release|x64
		{3BA47BA5-A680-4726-9638-35DC8E40D996}.Release|x86.ActiveCfg = Release|x86
		{3BA47BA5-A680-4726-9638-35DC8E40D996}.Release|x86.Build.0 = Release|x86
		{4B41D7B0-DD29-42F5-9ECB-52E4B9BA336F}.Debug|Any CPU.ActiveCfg = Debug|Any CPU
		{4B41D7B0-DD29-42F5-9ECB-52E4B9BA336F}.Debug|Any CPU.Build.0 = Debug|Any CPU
		{4B41D7B0-DD29-42F5-9ECB-52E4B9BA336F}.Debug|x64.ActiveCfg = Debug|x64
		{4B41D7B0-DD29-42F5-9ECB-52E4B9BA336F}.Debug|x64.Build.0 = Debug|x64
		{4B41D7B0-DD29-42F5-9ECB-52E4B9BA336F}.Debug|x86.ActiveCfg = Debug|x86
		{4B41D7B0-DD29-42F5-9ECB-52E4B9BA336F}.Debug|x86.Build.0 = Debug|x86
		{4B41D7B0-DD29-42F5-9ECB-52E4B9BA336F}.Release|Any CPU.ActiveCfg = Release|Any CPU
		{4B41D7B0-DD29-42F5-9ECB-52E4B9BA336F}.Release|Any CPU.Build.0 = Release|Any CPU
		{4B41D7B0-DD29-42F5-9ECB-52E4B9BA336F}.Release|x64.ActiveCfg = Release|x64
		{4B41D7B0-DD29-42F5-9ECB-52E4B9BA336F}.Release|x64.Build.0 = Release|x64
		{4B41D7B0-DD29-42F5-9ECB-52E4B9BA336F}.Release|x86.ActiveCfg = Release|x86
		{4B41D7B0-DD29-42F5-9ECB-52E4B9BA336F}.Release|x86.Build.0 = Release|x86
		{3260296F-E28B-46A6-B152-C880AC3725C7}.Debug|Any CPU.ActiveCfg = Debug|Any CPU
		{3260296F-E28B-46A6-B152-C880AC3725C7}.Debug|Any CPU.Build.0 = Debug|Any CPU
		{3260296F-E28B-46A6-B152-C880AC3725C7}.Debug|x64.ActiveCfg = Debug|x64
		{3260296F-E28B-46A6-B152-C880AC3725C7}.Debug|x64.Build.0 = Debug|x64
		{3260296F-E28B-46A6-B152-C880AC3725C7}.Debug|x86.ActiveCfg = Debug|x86
		{3260296F-E28B-46A6-B152-C880AC3725C7}.Debug|x86.Build.0 = Debug|x86
		{3260296F-E28B-46A6-B152-C880AC3725C7}.Release|Any CPU.ActiveCfg = Release|Any CPU
		{3260296F-E28B-46A6-B152-C880AC3725C7}.Release|Any CPU.Build.0 = Release|Any CPU
		{3260296F-E28B-46A6-B152-C880AC3725C7}.Release|x64.ActiveCfg = Release|x64
		{3260296F-E28B-46A6-B152-C880AC3725C7}.Release|x64.Build.0 = Release|x64
		{3260296F-E28B-46A6-B152-C880AC3725C7}.Release|x86.ActiveCfg = Release|x86
		{3260296F-E28B-46A6-B152-C880AC3725C7}.Release|x86.Build.0 = Release|x86
		{580B1D3C-CE92-4C3A-B7B5-ECE033CD75FA}.Debug|Any CPU.ActiveCfg = Debug|Any CPU
		{580B1D3C-CE92-4C3A-B7B5-ECE033CD75FA}.Debug|Any CPU.Build.0 = Debug|Any CPU
		{580B1D3C-CE92-4C3A-B7B5-ECE033CD75FA}.Debug|x64.ActiveCfg = Debug|x64
		{580B1D3C-CE92-4C3A-B7B5-ECE033CD75FA}.Debug|x64.Build.0 = Debug|x64
		{580B1D3C-CE92-4C3A-B7B5-ECE033CD75FA}.Debug|x86.ActiveCfg = Debug|x86
		{580B1D3C-CE92-4C3A-B7B5-ECE033CD75FA}.Debug|x86.Build.0 = Debug|x86
		{580B1D3C-CE92-4C3A-B7B5-ECE033CD75FA}.Release|Any CPU.ActiveCfg = Release|Any CPU
		{580B1D3C-CE92-4C3A-B7B5-ECE033CD75FA}.Release|Any CPU.Build.0 = Release|Any CPU
		{580B1D3C-CE92-4C3A-B7B5-ECE033CD75FA}.Release|x64.ActiveCfg = Release|x64
		{580B1D3C-CE92-4C3A-B7B5-ECE033CD75FA}.Release|x64.Build.0 = Release|x64
		{580B1D3C-CE92-4C3A-B7B5-ECE033CD75FA}.Release|x86.ActiveCfg = Release|x86
		{580B1D3C-CE92-4C3A-B7B5-ECE033CD75FA}.Release|x86.Build.0 = Release|x86
		{4E51C31E-D4AE-43B8-9A50-88C478CAEEA9}.Debug|Any CPU.ActiveCfg = Debug|Any CPU
		{4E51C31E-D4AE-43B8-9A50-88C478CAEEA9}.Debug|Any CPU.Build.0 = Debug|Any CPU
		{4E51C31E-D4AE-43B8-9A50-88C478CAEEA9}.Debug|x64.ActiveCfg = Debug|x64
		{4E51C31E-D4AE-43B8-9A50-88C478CAEEA9}.Debug|x64.Build.0 = Debug|x64
		{4E51C31E-D4AE-43B8-9A50-88C478CAEEA9}.Debug|x86.ActiveCfg = Debug|x86
		{4E51C31E-D4AE-43B8-9A50-88C478CAEEA9}.Debug|x86.Build.0 = Debug|x86
		{4E51C31E-D4AE-43B8-9A50-88C478CAEEA9}.Release|Any CPU.ActiveCfg = Release|Any CPU
		{4E51C31E-D4AE-43B8-9A50-88C478CAEEA9}.Release|Any CPU.Build.0 = Release|Any CPU
		{4E51C31E-D4AE-43B8-9A50-88C478CAEEA9}.Release|x64.ActiveCfg = Release|x64
		{4E51C31E-D4AE-43B8-9A50-88C478CAEEA9}.Release|x64.Build.0 = Release|x64
		{4E51C31E-D4AE-43B8-9A50-88C478CAEEA9}.Release|x86.ActiveCfg = Release|x86
		{4E51C31E-D4AE-43B8-9A50-88C478CAEEA9}.Release|x86.Build.0 = Release|x86
		{0D08C6ED-A4EA-4542-AFEF-C0B9528C898E}.Debug|Any CPU.ActiveCfg = Debug|Any CPU
		{0D08C6ED-A4EA-4542-AFEF-C0B9528C898E}.Debug|Any CPU.Build.0 = Debug|Any CPU
		{0D08C6ED-A4EA-4542-AFEF-C0B9528C898E}.Debug|x64.ActiveCfg = Debug|x64
		{0D08C6ED-A4EA-4542-AFEF-C0B9528C898E}.Debug|x64.Build.0 = Debug|x64
		{0D08C6ED-A4EA-4542-AFEF-C0B9528C898E}.Debug|x86.ActiveCfg = Debug|x86
		{0D08C6ED-A4EA-4542-AFEF-C0B9528C898E}.Debug|x86.Build.0 = Debug|x86
		{0D08C6ED-A4EA-4542-AFEF-C0B9528C898E}.Release|Any CPU.ActiveCfg = Release|Any CPU
		{0D08C6ED-A4EA-4542-AFEF-C0B9528C898E}.Release|Any CPU.Build.0 = Release|Any CPU
		{0D08C6ED-A4EA-4542-AFEF-C0B9528C898E}.Release|x64.ActiveCfg = Release|x64
		{0D08C6ED-A4EA-4542-AFEF-C0B9528C898E}.Release|x64.Build.0 = Release|x64
		{0D08C6ED-A4EA-4542-AFEF-C0B9528C898E}.Release|x86.ActiveCfg = Release|x86
		{0D08C6ED-A4EA-4542-AFEF-C0B9528C898E}.Release|x86.Build.0 = Release|x86
		{79220AFC-D0E5-4FF2-983D-76A62FDCF676}.Debug|Any CPU.ActiveCfg = Debug|Any CPU
		{79220AFC-D0E5-4FF2-983D-76A62FDCF676}.Debug|Any CPU.Build.0 = Debug|Any CPU
		{79220AFC-D0E5-4FF2-983D-76A62FDCF676}.Debug|x64.ActiveCfg = Debug|x64
		{79220AFC-D0E5-4FF2-983D-76A62FDCF676}.Debug|x64.Build.0 = Debug|x64
		{79220AFC-D0E5-4FF2-983D-76A62FDCF676}.Debug|x86.ActiveCfg = Debug|x86
		{79220AFC-D0E5-4FF2-983D-76A62FDCF676}.Debug|x86.Build.0 = Debug|x86
		{79220AFC-D0E5-4FF2-983D-76A62FDCF676}.Release|Any CPU.ActiveCfg = Release|Any CPU
		{79220AFC-D0E5-4FF2-983D-76A62FDCF676}.Release|Any CPU.Build.0 = Release|Any CPU
		{79220AFC-D0E5-4FF2-983D-76A62FDCF676}.Release|x64.ActiveCfg = Release|x64
		{79220AFC-D0E5-4FF2-983D-76A62FDCF676}.Release|x64.Build.0 = Release|x64
		{79220AFC-D0E5-4FF2-983D-76A62FDCF676}.Release|x86.ActiveCfg = Release|x86
		{79220AFC-D0E5-4FF2-983D-76A62FDCF676}.Release|x86.Build.0 = Release|x86
		{1CDF4423-4ADE-4FB7-9CD7-C3758057A427}.Debug|Any CPU.ActiveCfg = Debug|Any CPU
		{1CDF4423-4ADE-4FB7-9CD7-C3758057A427}.Debug|Any CPU.Build.0 = Debug|Any CPU
		{1CDF4423-4ADE-4FB7-9CD7-C3758057A427}.Debug|x64.ActiveCfg = Debug|x64
		{1CDF4423-4ADE-4FB7-9CD7-C3758057A427}.Debug|x64.Build.0 = Debug|x64
		{1CDF4423-4ADE-4FB7-9CD7-C3758057A427}.Debug|x86.ActiveCfg = Debug|x86
		{1CDF4423-4ADE-4FB7-9CD7-C3758057A427}.Debug|x86.Build.0 = Debug|x86
		{1CDF4423-4ADE-4FB7-9CD7-C3758057A427}.Release|Any CPU.ActiveCfg = Release|Any CPU
		{1CDF4423-4ADE-4FB7-9CD7-C3758057A427}.Release|Any CPU.Build.0 = Release|Any CPU
		{1CDF4423-4ADE-4FB7-9CD7-C3758057A427}.Release|x64.ActiveCfg = Release|x64
		{1CDF4423-4ADE-4FB7-9CD7-C3758057A427}.Release|x64.Build.0 = Release|x64
		{1CDF4423-4ADE-4FB7-9CD7-C3758057A427}.Release|x86.ActiveCfg = Release|x86
		{1CDF4423-4ADE-4FB7-9CD7-C3758057A427}.Release|x86.Build.0 = Release|x86
		{1A6E7601-028F-469B-9D48-316D1CE716F0}.Debug|Any CPU.ActiveCfg = Debug|Any CPU
		{1A6E7601-028F-469B-9D48-316D1CE716F0}.Debug|Any CPU.Build.0 = Debug|Any CPU
		{1A6E7601-028F-469B-9D48-316D1CE716F0}.Debug|x64.ActiveCfg = Debug|x64
		{1A6E7601-028F-469B-9D48-316D1CE716F0}.Debug|x64.Build.0 = Debug|x64
		{1A6E7601-028F-469B-9D48-316D1CE716F0}.Debug|x86.ActiveCfg = Debug|x86
		{1A6E7601-028F-469B-9D48-316D1CE716F0}.Debug|x86.Build.0 = Debug|x86
		{1A6E7601-028F-469B-9D48-316D1CE716F0}.Release|Any CPU.ActiveCfg = Release|Any CPU
		{1A6E7601-028F-469B-9D48-316D1CE716F0}.Release|Any CPU.Build.0 = Release|Any CPU
		{1A6E7601-028F-469B-9D48-316D1CE716F0}.Release|x64.ActiveCfg = Release|x64
		{1A6E7601-028F-469B-9D48-316D1CE716F0}.Release|x64.Build.0 = Release|x64
		{1A6E7601-028F-469B-9D48-316D1CE716F0}.Release|x86.ActiveCfg = Release|x86
		{1A6E7601-028F-469B-9D48-316D1CE716F0}.Release|x86.Build.0 = Release|x86
		{604CF792-AFB5-4A41-9D84-1FEDD8B4E415}.Debug|Any CPU.ActiveCfg = Debug|Any CPU
		{604CF792-AFB5-4A41-9D84-1FEDD8B4E415}.Debug|Any CPU.Build.0 = Debug|Any CPU
		{604CF792-AFB5-4A41-9D84-1FEDD8B4E415}.Debug|x64.ActiveCfg = Debug|x64
		{604CF792-AFB5-4A41-9D84-1FEDD8B4E415}.Debug|x64.Build.0 = Debug|x64
		{604CF792-AFB5-4A41-9D84-1FEDD8B4E415}.Debug|x86.ActiveCfg = Debug|x86
		{604CF792-AFB5-4A41-9D84-1FEDD8B4E415}.Debug|x86.Build.0 = Debug|x86
		{604CF792-AFB5-4A41-9D84-1FEDD8B4E415}.Release|Any CPU.ActiveCfg = Release|Any CPU
		{604CF792-AFB5-4A41-9D84-1FEDD8B4E415}.Release|Any CPU.Build.0 = Release|Any CPU
		{604CF792-AFB5-4A41-9D84-1FEDD8B4E415}.Release|x64.ActiveCfg = Release|x64
		{604CF792-AFB5-4A41-9D84-1FEDD8B4E415}.Release|x64.Build.0 = Release|x64
		{604CF792-AFB5-4A41-9D84-1FEDD8B4E415}.Release|x86.ActiveCfg = Release|x86
		{604CF792-AFB5-4A41-9D84-1FEDD8B4E415}.Release|x86.Build.0 = Release|x86
		{5C1F3834-4CD8-4669-A794-4FE4DA187B49}.Debug|Any CPU.ActiveCfg = Debug|Any CPU
		{5C1F3834-4CD8-4669-A794-4FE4DA187B49}.Debug|Any CPU.Build.0 = Debug|Any CPU
		{5C1F3834-4CD8-4669-A794-4FE4DA187B49}.Debug|x64.ActiveCfg = Debug|x64
		{5C1F3834-4CD8-4669-A794-4FE4DA187B49}.Debug|x64.Build.0 = Debug|x64
		{5C1F3834-4CD8-4669-A794-4FE4DA187B49}.Debug|x86.ActiveCfg = Debug|x86
		{5C1F3834-4CD8-4669-A794-4FE4DA187B49}.Debug|x86.Build.0 = Debug|x86
		{5C1F3834-4CD8-4669-A794-4FE4DA187B49}.Release|Any CPU.ActiveCfg = Release|Any CPU
		{5C1F3834-4CD8-4669-A794-4FE4DA187B49}.Release|Any CPU.Build.0 = Release|Any CPU
		{5C1F3834-4CD8-4669-A794-4FE4DA187B49}.Release|x64.ActiveCfg = Release|x64
		{5C1F3834-4CD8-4669-A794-4FE4DA187B49}.Release|x64.Build.0 = Release|x64
		{5C1F3834-4CD8-4669-A794-4FE4DA187B49}.Release|x86.ActiveCfg = Release|x86
		{5C1F3834-4CD8-4669-A794-4FE4DA187B49}.Release|x86.Build.0 = Release|x86
		{9DFBB993-F112-482B-BBB7-33262831CD7D}.Debug|Any CPU.ActiveCfg = Debug|Any CPU
		{9DFBB993-F112-482B-BBB7-33262831CD7D}.Debug|Any CPU.Build.0 = Debug|Any CPU
		{9DFBB993-F112-482B-BBB7-33262831CD7D}.Debug|x64.ActiveCfg = Debug|x64
		{9DFBB993-F112-482B-BBB7-33262831CD7D}.Debug|x64.Build.0 = Debug|x64
		{9DFBB993-F112-482B-BBB7-33262831CD7D}.Debug|x86.ActiveCfg = Debug|x86
		{9DFBB993-F112-482B-BBB7-33262831CD7D}.Debug|x86.Build.0 = Debug|x86
		{9DFBB993-F112-482B-BBB7-33262831CD7D}.Release|Any CPU.ActiveCfg = Release|Any CPU
		{9DFBB993-F112-482B-BBB7-33262831CD7D}.Release|Any CPU.Build.0 = Release|Any CPU
		{9DFBB993-F112-482B-BBB7-33262831CD7D}.Release|x64.ActiveCfg = Release|x64
		{9DFBB993-F112-482B-BBB7-33262831CD7D}.Release|x64.Build.0 = Release|x64
		{9DFBB993-F112-482B-BBB7-33262831CD7D}.Release|x86.ActiveCfg = Release|x86
		{9DFBB993-F112-482B-BBB7-33262831CD7D}.Release|x86.Build.0 = Release|x86
		{185DD010-3439-4135-99A8-A200808A050B}.Debug|Any CPU.ActiveCfg = Debug|Any CPU
		{185DD010-3439-4135-99A8-A200808A050B}.Debug|Any CPU.Build.0 = Debug|Any CPU
		{185DD010-3439-4135-99A8-A200808A050B}.Debug|x64.ActiveCfg = Debug|x64
		{185DD010-3439-4135-99A8-A200808A050B}.Debug|x64.Build.0 = Debug|x64
		{185DD010-3439-4135-99A8-A200808A050B}.Debug|x86.ActiveCfg = Debug|x86
		{185DD010-3439-4135-99A8-A200808A050B}.Debug|x86.Build.0 = Debug|x86
		{185DD010-3439-4135-99A8-A200808A050B}.Release|Any CPU.ActiveCfg = Release|Any CPU
		{185DD010-3439-4135-99A8-A200808A050B}.Release|Any CPU.Build.0 = Release|Any CPU
		{185DD010-3439-4135-99A8-A200808A050B}.Release|x64.ActiveCfg = Release|x64
		{185DD010-3439-4135-99A8-A200808A050B}.Release|x64.Build.0 = Release|x64
		{185DD010-3439-4135-99A8-A200808A050B}.Release|x86.ActiveCfg = Release|x86
		{185DD010-3439-4135-99A8-A200808A050B}.Release|x86.Build.0 = Release|x86
		{AEDE9E8B-7F1B-4E0D-AD08-1B999566DA4B}.Debug|Any CPU.ActiveCfg = Debug|Any CPU
		{AEDE9E8B-7F1B-4E0D-AD08-1B999566DA4B}.Debug|Any CPU.Build.0 = Debug|Any CPU
		{AEDE9E8B-7F1B-4E0D-AD08-1B999566DA4B}.Debug|x64.ActiveCfg = Debug|x64
		{AEDE9E8B-7F1B-4E0D-AD08-1B999566DA4B}.Debug|x64.Build.0 = Debug|x64
		{AEDE9E8B-7F1B-4E0D-AD08-1B999566DA4B}.Debug|x86.ActiveCfg = Debug|x86
		{AEDE9E8B-7F1B-4E0D-AD08-1B999566DA4B}.Debug|x86.Build.0 = Debug|x86
		{AEDE9E8B-7F1B-4E0D-AD08-1B999566DA4B}.Release|Any CPU.ActiveCfg = Release|Any CPU
		{AEDE9E8B-7F1B-4E0D-AD08-1B999566DA4B}.Release|Any CPU.Build.0 = Release|Any CPU
		{AEDE9E8B-7F1B-4E0D-AD08-1B999566DA4B}.Release|x64.ActiveCfg = Release|x64
		{AEDE9E8B-7F1B-4E0D-AD08-1B999566DA4B}.Release|x64.Build.0 = Release|x64
		{AEDE9E8B-7F1B-4E0D-AD08-1B999566DA4B}.Release|x86.ActiveCfg = Release|x86
		{AEDE9E8B-7F1B-4E0D-AD08-1B999566DA4B}.Release|x86.Build.0 = Release|x86
		{94F4F29E-7667-480F-B443-38CC8331127F}.Debug|Any CPU.ActiveCfg = Debug|Any CPU
		{94F4F29E-7667-480F-B443-38CC8331127F}.Debug|Any CPU.Build.0 = Debug|Any CPU
		{94F4F29E-7667-480F-B443-38CC8331127F}.Debug|x64.ActiveCfg = Debug|x64
		{94F4F29E-7667-480F-B443-38CC8331127F}.Debug|x64.Build.0 = Debug|x64
		{94F4F29E-7667-480F-B443-38CC8331127F}.Debug|x86.ActiveCfg = Debug|x86
		{94F4F29E-7667-480F-B443-38CC8331127F}.Debug|x86.Build.0 = Debug|x86
		{94F4F29E-7667-480F-B443-38CC8331127F}.Release|Any CPU.ActiveCfg = Release|Any CPU
		{94F4F29E-7667-480F-B443-38CC8331127F}.Release|Any CPU.Build.0 = Release|Any CPU
		{94F4F29E-7667-480F-B443-38CC8331127F}.Release|x64.ActiveCfg = Release|x64
		{94F4F29E-7667-480F-B443-38CC8331127F}.Release|x64.Build.0 = Release|x64
		{94F4F29E-7667-480F-B443-38CC8331127F}.Release|x86.ActiveCfg = Release|x86
		{94F4F29E-7667-480F-B443-38CC8331127F}.Release|x86.Build.0 = Release|x86
		{B9120FD0-683D-413D-A257-83A5430C8157}.Debug|Any CPU.ActiveCfg = Debug|Any CPU
		{B9120FD0-683D-413D-A257-83A5430C8157}.Debug|Any CPU.Build.0 = Debug|Any CPU
		{B9120FD0-683D-413D-A257-83A5430C8157}.Debug|x64.ActiveCfg = Debug|x64
		{B9120FD0-683D-413D-A257-83A5430C8157}.Debug|x64.Build.0 = Debug|x64
		{B9120FD0-683D-413D-A257-83A5430C8157}.Debug|x86.ActiveCfg = Debug|x86
		{B9120FD0-683D-413D-A257-83A5430C8157}.Debug|x86.Build.0 = Debug|x86
		{B9120FD0-683D-413D-A257-83A5430C8157}.Release|Any CPU.ActiveCfg = Release|Any CPU
		{B9120FD0-683D-413D-A257-83A5430C8157}.Release|Any CPU.Build.0 = Release|Any CPU
		{B9120FD0-683D-413D-A257-83A5430C8157}.Release|x64.ActiveCfg = Release|x64
		{B9120FD0-683D-413D-A257-83A5430C8157}.Release|x64.Build.0 = Release|x64
		{B9120FD0-683D-413D-A257-83A5430C8157}.Release|x86.ActiveCfg = Release|x86
		{B9120FD0-683D-413D-A257-83A5430C8157}.Release|x86.Build.0 = Release|x86
		{B6BFA9B3-EF71-43F3-8DBB-526F7DE1FDCE}.Debug|Any CPU.ActiveCfg = Debug|Any CPU
		{B6BFA9B3-EF71-43F3-8DBB-526F7DE1FDCE}.Debug|Any CPU.Build.0 = Debug|Any CPU
		{B6BFA9B3-EF71-43F3-8DBB-526F7DE1FDCE}.Debug|x64.ActiveCfg = Debug|x64
		{B6BFA9B3-EF71-43F3-8DBB-526F7DE1FDCE}.Debug|x64.Build.0 = Debug|x64
		{B6BFA9B3-EF71-43F3-8DBB-526F7DE1FDCE}.Debug|x86.ActiveCfg = Debug|x86
		{B6BFA9B3-EF71-43F3-8DBB-526F7DE1FDCE}.Debug|x86.Build.0 = Debug|x86
		{B6BFA9B3-EF71-43F3-8DBB-526F7DE1FDCE}.Release|Any CPU.ActiveCfg = Release|Any CPU
		{B6BFA9B3-EF71-43F3-8DBB-526F7DE1FDCE}.Release|Any CPU.Build.0 = Release|Any CPU
		{B6BFA9B3-EF71-43F3-8DBB-526F7DE1FDCE}.Release|x64.ActiveCfg = Release|x64
		{B6BFA9B3-EF71-43F3-8DBB-526F7DE1FDCE}.Release|x64.Build.0 = Release|x64
		{B6BFA9B3-EF71-43F3-8DBB-526F7DE1FDCE}.Release|x86.ActiveCfg = Release|x86
		{B6BFA9B3-EF71-43F3-8DBB-526F7DE1FDCE}.Release|x86.Build.0 = Release|x86
		{BBBF3C6C-811B-49A3-90AA-87285FC85E03}.Debug|Any CPU.ActiveCfg = Debug|Any CPU
		{BBBF3C6C-811B-49A3-90AA-87285FC85E03}.Debug|Any CPU.Build.0 = Debug|Any CPU
		{BBBF3C6C-811B-49A3-90AA-87285FC85E03}.Debug|x64.ActiveCfg = Debug|x64
		{BBBF3C6C-811B-49A3-90AA-87285FC85E03}.Debug|x64.Build.0 = Debug|x64
		{BBBF3C6C-811B-49A3-90AA-87285FC85E03}.Debug|x86.ActiveCfg = Debug|x86
		{BBBF3C6C-811B-49A3-90AA-87285FC85E03}.Debug|x86.Build.0 = Debug|x86
		{BBBF3C6C-811B-49A3-90AA-87285FC85E03}.Release|Any CPU.ActiveCfg = Release|Any CPU
		{BBBF3C6C-811B-49A3-90AA-87285FC85E03}.Release|Any CPU.Build.0 = Release|Any CPU
		{BBBF3C6C-811B-49A3-90AA-87285FC85E03}.Release|x64.ActiveCfg = Release|x64
		{BBBF3C6C-811B-49A3-90AA-87285FC85E03}.Release|x64.Build.0 = Release|x64
		{BBBF3C6C-811B-49A3-90AA-87285FC85E03}.Release|x86.ActiveCfg = Release|x86
		{BBBF3C6C-811B-49A3-90AA-87285FC85E03}.Release|x86.Build.0 = Release|x86
	EndGlobalSection
	GlobalSection(NestedProjects) = preSolution
		{15A4355E-C91C-4448-97E3-829C48E47E0E} = {A4BC896C-EF2E-4795-84F6-4D2DEF18BD20}
		{13FD3D03-0582-41A1-8EE4-A0DAA30F7D8F} = {A4BC896C-EF2E-4795-84F6-4D2DEF18BD20}
		{818E09C6-6895-4A68-8061-1260B2955FC7} = {A4BC896C-EF2E-4795-84F6-4D2DEF18BD20}
		{4EC80021-30CB-4B37-A59C-E19C9228E4CC} = {A4BC896C-EF2E-4795-84F6-4D2DEF18BD20}
		{7A5DB01E-57A4-43FF-892D-22ECF9535CA6} = {CD9478DF-41BC-41F1-B70F-83D86A5C57DA}
		{5BD600B0-3671-49C8-847D-AEA35CB4FB19} = {CD9478DF-41BC-41F1-B70F-83D86A5C57DA}
		{D97D5A99-139F-4F5B-9EBF-9DCA8152DE6D} = {CD9478DF-41BC-41F1-B70F-83D86A5C57DA}
		{27EF6A7B-67DF-498A-B2C3-54043DE436F3} = {CD9478DF-41BC-41F1-B70F-83D86A5C57DA}
		{FD1579C6-1A82-4CD0-9E9F-D7C1A61923DE} = {0193DE4A-3A7B-4CDD-9383-D1732AD9A79D}
		{BDF2479E-76D3-4A3A-B0DE-E9ABE7C557D4} = {0193DE4A-3A7B-4CDD-9383-D1732AD9A79D}
		{3BA47BA5-A680-4726-9638-35DC8E40D996} = {0193DE4A-3A7B-4CDD-9383-D1732AD9A79D}
		{4B41D7B0-DD29-42F5-9ECB-52E4B9BA336F} = {0193DE4A-3A7B-4CDD-9383-D1732AD9A79D}
		{3260296F-E28B-46A6-B152-C880AC3725C7} = {CFE5426A-E83F-4DE4-BB98-2F0832A95026}
		{580B1D3C-CE92-4C3A-B7B5-ECE033CD75FA} = {CFE5426A-E83F-4DE4-BB98-2F0832A95026}
		{4E51C31E-D4AE-43B8-9A50-88C478CAEEA9} = {CFE5426A-E83F-4DE4-BB98-2F0832A95026}
		{0D08C6ED-A4EA-4542-AFEF-C0B9528C898E} = {CFE5426A-E83F-4DE4-BB98-2F0832A95026}
		{79220AFC-D0E5-4FF2-983D-76A62FDCF676} = {1FE63A88-8D0A-4DB3-B800-E13A757732E0}
		{1CDF4423-4ADE-4FB7-9CD7-C3758057A427} = {1FE63A88-8D0A-4DB3-B800-E13A757732E0}
		{1A6E7601-028F-469B-9D48-316D1CE716F0} = {1FE63A88-8D0A-4DB3-B800-E13A757732E0}
		{604CF792-AFB5-4A41-9D84-1FEDD8B4E415} = {1FE63A88-8D0A-4DB3-B800-E13A757732E0}
		{5C1F3834-4CD8-4669-A794-4FE4DA187B49} = {BE251A14-F48C-49B4-B12F-12F88F46160C}
		{9DFBB993-F112-482B-BBB7-33262831CD7D} = {BE251A14-F48C-49B4-B12F-12F88F46160C}
		{185DD010-3439-4135-99A8-A200808A050B} = {BE251A14-F48C-49B4-B12F-12F88F46160C}
		{AEDE9E8B-7F1B-4E0D-AD08-1B999566DA4B} = {BE251A14-F48C-49B4-B12F-12F88F46160C}
		{94F4F29E-7667-480F-B443-38CC8331127F} = {82CBCDC8-1E72-42EE-964E-FC00DD4124D3}
		{B9120FD0-683D-413D-A257-83A5430C8157} = {82CBCDC8-1E72-42EE-964E-FC00DD4124D3}
		{B6BFA9B3-EF71-43F3-8DBB-526F7DE1FDCE} = {82CBCDC8-1E72-42EE-964E-FC00DD4124D3}
		{BBBF3C6C-811B-49A3-90AA-87285FC85E03} = {82CBCDC8-1E72-42EE-964E-FC00DD4124D3}
	EndGlobalSection
EndGlobal
