Microsoft Visual Studio Solution File, Format Version 12.00
# Visual Studio 15
VisualStudioVersion = 15.0.26124.0
MinimumVisualStudioVersion = 15.0.26124.0
Project("{2150E333-8FDC-42A3-9474-1A3956D46DE8}") = "device-telemetry", "device-telemetry", "{42879882-E009-42A4-ABFA-5EF5A425DE16}"
EndProject
Project("{9A19103F-16F7-4668-BE54-9A1E7A4F7556}") = "Services", "device-telemetry\Services\Services.csproj", "{8C26C63A-3493-4F7F-9A01-83A77F47EB58}"
EndProject
Project("{9A19103F-16F7-4668-BE54-9A1E7A4F7556}") = "Services.Test", "device-telemetry\Services.Test\Services.Test.csproj", "{D69A0973-8C89-4251-BE62-BC635A9EFA98}"
EndProject
Project("{9A19103F-16F7-4668-BE54-9A1E7A4F7556}") = "WebService", "device-telemetry\WebService\WebService.csproj", "{B6CDAF11-8053-4F46-9B08-3BBF72A23A43}"
EndProject
Project("{9A19103F-16F7-4668-BE54-9A1E7A4F7556}") = "WebService.Test", "device-telemetry\WebService.Test\WebService.Test.csproj", "{4AF0056B-524C-4E5D-ACF5-A9CBB331C3E4}"
EndProject
Project("{2150E333-8FDC-42A3-9474-1A3956D46DE8}") = "pcs-auth", "pcs-auth", "{148553B6-610D-43D3-822F-EBC2218AD32B}"
EndProject
Project("{9A19103F-16F7-4668-BE54-9A1E7A4F7556}") = "Services", "pcs-auth\Services\Services.csproj", "{54256D6E-346B-4842-B6F0-BB556D43197E}"
EndProject
Project("{9A19103F-16F7-4668-BE54-9A1E7A4F7556}") = "Services.Test", "pcs-auth\Services.Test\Services.Test.csproj", "{27F09076-AD50-4674-895A-BB10707EAC79}"
EndProject
Project("{9A19103F-16F7-4668-BE54-9A1E7A4F7556}") = "WebService", "pcs-auth\WebService\WebService.csproj", "{068A3060-663A-4B1F-BD7A-1DF17FB8C178}"
EndProject
Project("{9A19103F-16F7-4668-BE54-9A1E7A4F7556}") = "WebService.Test", "pcs-auth\WebService.Test\WebService.Test.csproj", "{7DE7615E-B305-4BAF-B8EE-C15A2373251F}"
EndProject
Project("{2150E333-8FDC-42A3-9474-1A3956D46DE8}") = "iothub-manager", "iothub-manager", "{EF090163-9F21-4EBD-984D-6B8961CBE5A6}"
EndProject
Project("{9A19103F-16F7-4668-BE54-9A1E7A4F7556}") = "Services", "iothub-manager\Services\Services.csproj", "{261B0815-7B45-4001-A1C0-75B8B6E7E41B}"
EndProject
Project("{9A19103F-16F7-4668-BE54-9A1E7A4F7556}") = "Services.Test", "iothub-manager\Services.Test\Services.Test.csproj", "{1405F5EF-7CC7-4A15-A546-97E599FEB0F0}"
EndProject
Project("{9A19103F-16F7-4668-BE54-9A1E7A4F7556}") = "WebService", "iothub-manager\WebService\WebService.csproj", "{B69749E6-D8C3-4CE2-B05E-0E312E23076C}"
EndProject
Project("{9A19103F-16F7-4668-BE54-9A1E7A4F7556}") = "WebService.Test", "iothub-manager\WebService.Test\WebService.Test.csproj", "{8DAFB803-04A8-4ED0-A555-BA9AA10C4C31}"
EndProject
Project("{2150E333-8FDC-42A3-9474-1A3956D46DE8}") = "pcs-config", "pcs-config", "{A78B07F0-1D43-4360-A04F-263BF0CC95EA}"
EndProject
Project("{9A19103F-16F7-4668-BE54-9A1E7A4F7556}") = "Services", "pcs-config\Services\Services.csproj", "{66FD8552-C839-464C-98F2-802A4795358F}"
EndProject
Project("{9A19103F-16F7-4668-BE54-9A1E7A4F7556}") = "Services.Test", "pcs-config\Services.Test\Services.Test.csproj", "{C12330AC-A0E0-4CBA-B135-FB64B4F57A48}"
EndProject
Project("{9A19103F-16F7-4668-BE54-9A1E7A4F7556}") = "WebService", "pcs-config\WebService\WebService.csproj", "{F1E5DAE1-E4F7-4D06-A1A7-67C8565A03CA}"
EndProject
Project("{9A19103F-16F7-4668-BE54-9A1E7A4F7556}") = "WebService.Test", "pcs-config\WebService.Test\WebService.Test.csproj", "{B6C75E42-F741-4752-ADD3-037536B13403}"
EndProject
Project("{2150E333-8FDC-42A3-9474-1A3956D46DE8}") = "pcs-storage-adapter", "pcs-storage-adapter", "{93435109-2D40-42ED-B913-3447D6D6BE7C}"
EndProject
Project("{9A19103F-16F7-4668-BE54-9A1E7A4F7556}") = "Services", "pcs-storage-adapter\Services\Services.csproj", "{A0BA0E26-760F-44DD-9DA6-9E54CBFDB12C}"
EndProject
Project("{9A19103F-16F7-4668-BE54-9A1E7A4F7556}") = "Services.Test", "pcs-storage-adapter\Services.Test\Services.Test.csproj", "{E4C8E438-5512-4DB1-889B-C974B282B6CF}"
EndProject
Project("{9A19103F-16F7-4668-BE54-9A1E7A4F7556}") = "WebService", "pcs-storage-adapter\WebService\WebService.csproj", "{5E82EBF9-2819-4B96-AD13-36DE3A67640D}"
EndProject
Project("{9A19103F-16F7-4668-BE54-9A1E7A4F7556}") = "WebService.Test", "pcs-storage-adapter\WebService.Test\WebService.Test.csproj", "{5FD17E32-6812-4FB1-ABF6-937C28C0D691}"
EndProject
Project("{2150E333-8FDC-42A3-9474-1A3956D46DE8}") = "device-simulation", "device-simulation", "{E71AB41A-D8F4-4CAF-84BB-544342C98FAC}"
EndProject
Project("{9A19103F-16F7-4668-BE54-9A1E7A4F7556}") = "Services", "device-simulation\Services\Services.csproj", "{9AFA36B8-B532-4F2C-BCDA-4F8BCE0BD4F8}"
EndProject
Project("{9A19103F-16F7-4668-BE54-9A1E7A4F7556}") = "Services.Test", "device-simulation\Services.Test\Services.Test.csproj", "{AB1CA246-4400-4978-B4F4-7B0B890E377E}"
EndProject
Project("{9A19103F-16F7-4668-BE54-9A1E7A4F7556}") = "WebService", "device-simulation\WebService\WebService.csproj", "{59E32808-F212-482E-8E40-4511F97E1F05}"
EndProject
Project("{9A19103F-16F7-4668-BE54-9A1E7A4F7556}") = "WebService.Test", "device-simulation\WebService.Test\WebService.Test.csproj", "{90AEEDE5-73CF-47FC-9D84-0B0BF3F3005B}"
EndProject
Project("{2150E333-8FDC-42A3-9474-1A3956D46DE8}") = "asa-manager", "asa-manager", "{401C9E03-7569-4268-9054-F30A10E7ED79}"
EndProject
Project("{9A19103F-16F7-4668-BE54-9A1E7A4F7556}") = "Services", "asa-manager\Services\Services.csproj", "{55329349-2D10-4616-9E3C-ED67E1D01152}"
EndProject
Project("{9A19103F-16F7-4668-BE54-9A1E7A4F7556}") = "Services.Test", "asa-manager\Services.Test\Services.Test.csproj", "{0FC3B0A6-13FD-45E8-9A82-B163E45FE9D0}"
EndProject
Project("{9A19103F-16F7-4668-BE54-9A1E7A4F7556}") = "WebService", "asa-manager\WebService\WebService.csproj", "{2302D315-250F-4E22-B269-DB49AAE96223}"
EndProject
Project("{9A19103F-16F7-4668-BE54-9A1E7A4F7556}") = "WebService.Test", "asa-manager\WebService.Test\WebService.Test.csproj", "{1E3901F0-ACE4-4973-BE5E-4B1109C95BB1}"
EndProject
Project("{9A19103F-16F7-4668-BE54-9A1E7A4F7556}") = "DeviceGroupsAgent", "asa-manager\DeviceGroupsAgent\DeviceGroupsAgent.csproj", "{11FF241B-126F-4CC6-B15E-C416DBF4A773}"
EndProject
Project("{9A19103F-16F7-4668-BE54-9A1E7A4F7556}") = "DeviceGroupsAgent.Test", "asa-manager\DeviceGroupsAgent.Test\DeviceGroupsAgent.Test.csproj", "{57A444F2-CFF8-4123-888E-7335ECF30887}"
EndProject
Project("{9A19103F-16F7-4668-BE54-9A1E7A4F7556}") = "SetupAgent", "asa-manager\SetupAgent\SetupAgent.csproj", "{8BC963D8-270D-4790-B3A6-8FC7BA907178}"
EndProject
Project("{9A19103F-16F7-4668-BE54-9A1E7A4F7556}") = "SetupAgent.Test", "asa-manager\SetupAgent.Test\SetupAgent.Test.csproj", "{3FC24690-E6F6-4C0C-B3C2-517FDD5688F2}"
EndProject
Project("{9A19103F-16F7-4668-BE54-9A1E7A4F7556}") = "TelemetryRulesAgent", "asa-manager\TelemetryRulesAgent\TelemetryRulesAgent.csproj", "{3408C0D2-ADA3-4B4B-BE3E-BED1CAE3C261}"
EndProject
Project("{9A19103F-16F7-4668-BE54-9A1E7A4F7556}") = "TelemetryRulesAgent.Test", "asa-manager\TelemetryRulesAgent.Test\TelemetryRulesAgent.Test.csproj", "{FCD2C558-2A8E-48AB-9B7D-8C6965005ED2}"
EndProject
Project("{9A19103F-16F7-4668-BE54-9A1E7A4F7556}") = "SimulationAgent", "device-simulation\SimulationAgent\SimulationAgent.csproj", "{5DECC136-885F-447C-B84F-DF7393E61587}"
EndProject
Project("{9A19103F-16F7-4668-BE54-9A1E7A4F7556}") = "SimulationAgent.Test", "device-simulation\SimulationAgent.Test\SimulationAgent.Test.csproj", "{F4CEA431-348A-4857-A76E-018AF99ABF26}"
EndProject
Project("{9A19103F-16F7-4668-BE54-9A1E7A4F7556}") = "RecurringTasksAgent", "iothub-manager\RecurringTasksAgent\RecurringTasksAgent.csproj", "{446A5674-F2E1-4D09-BCAA-0B2D15C9F18F}"
EndProject
Global
	GlobalSection(SolutionConfigurationPlatforms) = preSolution
		Debug|Any CPU = Debug|Any CPU
		Debug|x64 = Debug|x64
		Debug|x86 = Debug|x86
		Release|Any CPU = Release|Any CPU
		Release|x64 = Release|x64
		Release|x86 = Release|x86
	EndGlobalSection
	GlobalSection(ProjectConfigurationPlatforms) = postSolution
		{8C26C63A-3493-4F7F-9A01-83A77F47EB58}.Debug|Any CPU.ActiveCfg = Debug|Any CPU
		{8C26C63A-3493-4F7F-9A01-83A77F47EB58}.Debug|Any CPU.Build.0 = Debug|Any CPU
		{8C26C63A-3493-4F7F-9A01-83A77F47EB58}.Debug|x64.ActiveCfg = Debug|Any CPU
		{8C26C63A-3493-4F7F-9A01-83A77F47EB58}.Debug|x64.Build.0 = Debug|Any CPU
		{8C26C63A-3493-4F7F-9A01-83A77F47EB58}.Debug|x86.ActiveCfg = Debug|Any CPU
		{8C26C63A-3493-4F7F-9A01-83A77F47EB58}.Debug|x86.Build.0 = Debug|Any CPU
		{8C26C63A-3493-4F7F-9A01-83A77F47EB58}.Release|Any CPU.ActiveCfg = Release|Any CPU
		{8C26C63A-3493-4F7F-9A01-83A77F47EB58}.Release|Any CPU.Build.0 = Release|Any CPU
		{8C26C63A-3493-4F7F-9A01-83A77F47EB58}.Release|x64.ActiveCfg = Release|Any CPU
		{8C26C63A-3493-4F7F-9A01-83A77F47EB58}.Release|x64.Build.0 = Release|Any CPU
		{8C26C63A-3493-4F7F-9A01-83A77F47EB58}.Release|x86.ActiveCfg = Release|Any CPU
		{8C26C63A-3493-4F7F-9A01-83A77F47EB58}.Release|x86.Build.0 = Release|Any CPU
		{D69A0973-8C89-4251-BE62-BC635A9EFA98}.Debug|Any CPU.ActiveCfg = Debug|Any CPU
		{D69A0973-8C89-4251-BE62-BC635A9EFA98}.Debug|Any CPU.Build.0 = Debug|Any CPU
		{D69A0973-8C89-4251-BE62-BC635A9EFA98}.Debug|x64.ActiveCfg = Debug|Any CPU
		{D69A0973-8C89-4251-BE62-BC635A9EFA98}.Debug|x64.Build.0 = Debug|Any CPU
		{D69A0973-8C89-4251-BE62-BC635A9EFA98}.Debug|x86.ActiveCfg = Debug|Any CPU
		{D69A0973-8C89-4251-BE62-BC635A9EFA98}.Debug|x86.Build.0 = Debug|Any CPU
		{D69A0973-8C89-4251-BE62-BC635A9EFA98}.Release|Any CPU.ActiveCfg = Release|Any CPU
		{D69A0973-8C89-4251-BE62-BC635A9EFA98}.Release|Any CPU.Build.0 = Release|Any CPU
		{D69A0973-8C89-4251-BE62-BC635A9EFA98}.Release|x64.ActiveCfg = Release|Any CPU
		{D69A0973-8C89-4251-BE62-BC635A9EFA98}.Release|x64.Build.0 = Release|Any CPU
		{D69A0973-8C89-4251-BE62-BC635A9EFA98}.Release|x86.ActiveCfg = Release|Any CPU
		{D69A0973-8C89-4251-BE62-BC635A9EFA98}.Release|x86.Build.0 = Release|Any CPU
		{B6CDAF11-8053-4F46-9B08-3BBF72A23A43}.Debug|Any CPU.ActiveCfg = Debug|Any CPU
		{B6CDAF11-8053-4F46-9B08-3BBF72A23A43}.Debug|Any CPU.Build.0 = Debug|Any CPU
		{B6CDAF11-8053-4F46-9B08-3BBF72A23A43}.Debug|x64.ActiveCfg = Debug|Any CPU
		{B6CDAF11-8053-4F46-9B08-3BBF72A23A43}.Debug|x64.Build.0 = Debug|Any CPU
		{B6CDAF11-8053-4F46-9B08-3BBF72A23A43}.Debug|x86.ActiveCfg = Debug|Any CPU
		{B6CDAF11-8053-4F46-9B08-3BBF72A23A43}.Debug|x86.Build.0 = Debug|Any CPU
		{B6CDAF11-8053-4F46-9B08-3BBF72A23A43}.Release|Any CPU.ActiveCfg = Release|Any CPU
		{B6CDAF11-8053-4F46-9B08-3BBF72A23A43}.Release|Any CPU.Build.0 = Release|Any CPU
		{B6CDAF11-8053-4F46-9B08-3BBF72A23A43}.Release|x64.ActiveCfg = Release|Any CPU
		{B6CDAF11-8053-4F46-9B08-3BBF72A23A43}.Release|x64.Build.0 = Release|Any CPU
		{B6CDAF11-8053-4F46-9B08-3BBF72A23A43}.Release|x86.ActiveCfg = Release|Any CPU
		{B6CDAF11-8053-4F46-9B08-3BBF72A23A43}.Release|x86.Build.0 = Release|Any CPU
		{4AF0056B-524C-4E5D-ACF5-A9CBB331C3E4}.Debug|Any CPU.ActiveCfg = Debug|Any CPU
		{4AF0056B-524C-4E5D-ACF5-A9CBB331C3E4}.Debug|Any CPU.Build.0 = Debug|Any CPU
		{4AF0056B-524C-4E5D-ACF5-A9CBB331C3E4}.Debug|x64.ActiveCfg = Debug|Any CPU
		{4AF0056B-524C-4E5D-ACF5-A9CBB331C3E4}.Debug|x64.Build.0 = Debug|Any CPU
		{4AF0056B-524C-4E5D-ACF5-A9CBB331C3E4}.Debug|x86.ActiveCfg = Debug|Any CPU
		{4AF0056B-524C-4E5D-ACF5-A9CBB331C3E4}.Debug|x86.Build.0 = Debug|Any CPU
		{4AF0056B-524C-4E5D-ACF5-A9CBB331C3E4}.Release|Any CPU.ActiveCfg = Release|Any CPU
		{4AF0056B-524C-4E5D-ACF5-A9CBB331C3E4}.Release|Any CPU.Build.0 = Release|Any CPU
		{4AF0056B-524C-4E5D-ACF5-A9CBB331C3E4}.Release|x64.ActiveCfg = Release|Any CPU
		{4AF0056B-524C-4E5D-ACF5-A9CBB331C3E4}.Release|x64.Build.0 = Release|Any CPU
		{4AF0056B-524C-4E5D-ACF5-A9CBB331C3E4}.Release|x86.ActiveCfg = Release|Any CPU
		{4AF0056B-524C-4E5D-ACF5-A9CBB331C3E4}.Release|x86.Build.0 = Release|Any CPU
		{54256D6E-346B-4842-B6F0-BB556D43197E}.Debug|Any CPU.ActiveCfg = Debug|Any CPU
		{54256D6E-346B-4842-B6F0-BB556D43197E}.Debug|Any CPU.Build.0 = Debug|Any CPU
		{54256D6E-346B-4842-B6F0-BB556D43197E}.Debug|x64.ActiveCfg = Debug|Any CPU
		{54256D6E-346B-4842-B6F0-BB556D43197E}.Debug|x64.Build.0 = Debug|Any CPU
		{54256D6E-346B-4842-B6F0-BB556D43197E}.Debug|x86.ActiveCfg = Debug|Any CPU
		{54256D6E-346B-4842-B6F0-BB556D43197E}.Debug|x86.Build.0 = Debug|Any CPU
		{54256D6E-346B-4842-B6F0-BB556D43197E}.Release|Any CPU.ActiveCfg = Release|Any CPU
		{54256D6E-346B-4842-B6F0-BB556D43197E}.Release|Any CPU.Build.0 = Release|Any CPU
		{54256D6E-346B-4842-B6F0-BB556D43197E}.Release|x64.ActiveCfg = Release|Any CPU
		{54256D6E-346B-4842-B6F0-BB556D43197E}.Release|x64.Build.0 = Release|Any CPU
		{54256D6E-346B-4842-B6F0-BB556D43197E}.Release|x86.ActiveCfg = Release|Any CPU
		{54256D6E-346B-4842-B6F0-BB556D43197E}.Release|x86.Build.0 = Release|Any CPU
		{27F09076-AD50-4674-895A-BB10707EAC79}.Debug|Any CPU.ActiveCfg = Debug|Any CPU
		{27F09076-AD50-4674-895A-BB10707EAC79}.Debug|Any CPU.Build.0 = Debug|Any CPU
		{27F09076-AD50-4674-895A-BB10707EAC79}.Debug|x64.ActiveCfg = Debug|Any CPU
		{27F09076-AD50-4674-895A-BB10707EAC79}.Debug|x64.Build.0 = Debug|Any CPU
		{27F09076-AD50-4674-895A-BB10707EAC79}.Debug|x86.ActiveCfg = Debug|Any CPU
		{27F09076-AD50-4674-895A-BB10707EAC79}.Debug|x86.Build.0 = Debug|Any CPU
		{27F09076-AD50-4674-895A-BB10707EAC79}.Release|Any CPU.ActiveCfg = Release|Any CPU
		{27F09076-AD50-4674-895A-BB10707EAC79}.Release|Any CPU.Build.0 = Release|Any CPU
		{27F09076-AD50-4674-895A-BB10707EAC79}.Release|x64.ActiveCfg = Release|Any CPU
		{27F09076-AD50-4674-895A-BB10707EAC79}.Release|x64.Build.0 = Release|Any CPU
		{27F09076-AD50-4674-895A-BB10707EAC79}.Release|x86.ActiveCfg = Release|Any CPU
		{27F09076-AD50-4674-895A-BB10707EAC79}.Release|x86.Build.0 = Release|Any CPU
		{068A3060-663A-4B1F-BD7A-1DF17FB8C178}.Debug|Any CPU.ActiveCfg = Debug|Any CPU
		{068A3060-663A-4B1F-BD7A-1DF17FB8C178}.Debug|Any CPU.Build.0 = Debug|Any CPU
		{068A3060-663A-4B1F-BD7A-1DF17FB8C178}.Debug|x64.ActiveCfg = Debug|Any CPU
		{068A3060-663A-4B1F-BD7A-1DF17FB8C178}.Debug|x64.Build.0 = Debug|Any CPU
		{068A3060-663A-4B1F-BD7A-1DF17FB8C178}.Debug|x86.ActiveCfg = Debug|Any CPU
		{068A3060-663A-4B1F-BD7A-1DF17FB8C178}.Debug|x86.Build.0 = Debug|Any CPU
		{068A3060-663A-4B1F-BD7A-1DF17FB8C178}.Release|Any CPU.ActiveCfg = Release|Any CPU
		{068A3060-663A-4B1F-BD7A-1DF17FB8C178}.Release|Any CPU.Build.0 = Release|Any CPU
		{068A3060-663A-4B1F-BD7A-1DF17FB8C178}.Release|x64.ActiveCfg = Release|Any CPU
		{068A3060-663A-4B1F-BD7A-1DF17FB8C178}.Release|x64.Build.0 = Release|Any CPU
		{068A3060-663A-4B1F-BD7A-1DF17FB8C178}.Release|x86.ActiveCfg = Release|Any CPU
		{068A3060-663A-4B1F-BD7A-1DF17FB8C178}.Release|x86.Build.0 = Release|Any CPU
		{7DE7615E-B305-4BAF-B8EE-C15A2373251F}.Debug|Any CPU.ActiveCfg = Debug|Any CPU
		{7DE7615E-B305-4BAF-B8EE-C15A2373251F}.Debug|Any CPU.Build.0 = Debug|Any CPU
		{7DE7615E-B305-4BAF-B8EE-C15A2373251F}.Debug|x64.ActiveCfg = Debug|Any CPU
		{7DE7615E-B305-4BAF-B8EE-C15A2373251F}.Debug|x64.Build.0 = Debug|Any CPU
		{7DE7615E-B305-4BAF-B8EE-C15A2373251F}.Debug|x86.ActiveCfg = Debug|Any CPU
		{7DE7615E-B305-4BAF-B8EE-C15A2373251F}.Debug|x86.Build.0 = Debug|Any CPU
		{7DE7615E-B305-4BAF-B8EE-C15A2373251F}.Release|Any CPU.ActiveCfg = Release|Any CPU
		{7DE7615E-B305-4BAF-B8EE-C15A2373251F}.Release|Any CPU.Build.0 = Release|Any CPU
		{7DE7615E-B305-4BAF-B8EE-C15A2373251F}.Release|x64.ActiveCfg = Release|Any CPU
		{7DE7615E-B305-4BAF-B8EE-C15A2373251F}.Release|x64.Build.0 = Release|Any CPU
		{7DE7615E-B305-4BAF-B8EE-C15A2373251F}.Release|x86.ActiveCfg = Release|Any CPU
		{7DE7615E-B305-4BAF-B8EE-C15A2373251F}.Release|x86.Build.0 = Release|Any CPU
		{261B0815-7B45-4001-A1C0-75B8B6E7E41B}.Debug|Any CPU.ActiveCfg = Debug|Any CPU
		{261B0815-7B45-4001-A1C0-75B8B6E7E41B}.Debug|Any CPU.Build.0 = Debug|Any CPU
		{261B0815-7B45-4001-A1C0-75B8B6E7E41B}.Debug|x64.ActiveCfg = Debug|Any CPU
		{261B0815-7B45-4001-A1C0-75B8B6E7E41B}.Debug|x64.Build.0 = Debug|Any CPU
		{261B0815-7B45-4001-A1C0-75B8B6E7E41B}.Debug|x86.ActiveCfg = Debug|Any CPU
		{261B0815-7B45-4001-A1C0-75B8B6E7E41B}.Debug|x86.Build.0 = Debug|Any CPU
		{261B0815-7B45-4001-A1C0-75B8B6E7E41B}.Release|Any CPU.ActiveCfg = Release|Any CPU
		{261B0815-7B45-4001-A1C0-75B8B6E7E41B}.Release|Any CPU.Build.0 = Release|Any CPU
		{261B0815-7B45-4001-A1C0-75B8B6E7E41B}.Release|x64.ActiveCfg = Release|Any CPU
		{261B0815-7B45-4001-A1C0-75B8B6E7E41B}.Release|x64.Build.0 = Release|Any CPU
		{261B0815-7B45-4001-A1C0-75B8B6E7E41B}.Release|x86.ActiveCfg = Release|Any CPU
		{261B0815-7B45-4001-A1C0-75B8B6E7E41B}.Release|x86.Build.0 = Release|Any CPU
		{1405F5EF-7CC7-4A15-A546-97E599FEB0F0}.Debug|Any CPU.ActiveCfg = Debug|Any CPU
		{1405F5EF-7CC7-4A15-A546-97E599FEB0F0}.Debug|Any CPU.Build.0 = Debug|Any CPU
		{1405F5EF-7CC7-4A15-A546-97E599FEB0F0}.Debug|x64.ActiveCfg = Debug|Any CPU
		{1405F5EF-7CC7-4A15-A546-97E599FEB0F0}.Debug|x64.Build.0 = Debug|Any CPU
		{1405F5EF-7CC7-4A15-A546-97E599FEB0F0}.Debug|x86.ActiveCfg = Debug|Any CPU
		{1405F5EF-7CC7-4A15-A546-97E599FEB0F0}.Debug|x86.Build.0 = Debug|Any CPU
		{1405F5EF-7CC7-4A15-A546-97E599FEB0F0}.Release|Any CPU.ActiveCfg = Release|Any CPU
		{1405F5EF-7CC7-4A15-A546-97E599FEB0F0}.Release|Any CPU.Build.0 = Release|Any CPU
		{1405F5EF-7CC7-4A15-A546-97E599FEB0F0}.Release|x64.ActiveCfg = Release|Any CPU
		{1405F5EF-7CC7-4A15-A546-97E599FEB0F0}.Release|x64.Build.0 = Release|Any CPU
		{1405F5EF-7CC7-4A15-A546-97E599FEB0F0}.Release|x86.ActiveCfg = Release|Any CPU
		{1405F5EF-7CC7-4A15-A546-97E599FEB0F0}.Release|x86.Build.0 = Release|Any CPU
		{B69749E6-D8C3-4CE2-B05E-0E312E23076C}.Debug|Any CPU.ActiveCfg = Debug|Any CPU
		{B69749E6-D8C3-4CE2-B05E-0E312E23076C}.Debug|Any CPU.Build.0 = Debug|Any CPU
		{B69749E6-D8C3-4CE2-B05E-0E312E23076C}.Debug|x64.ActiveCfg = Debug|Any CPU
		{B69749E6-D8C3-4CE2-B05E-0E312E23076C}.Debug|x64.Build.0 = Debug|Any CPU
		{B69749E6-D8C3-4CE2-B05E-0E312E23076C}.Debug|x86.ActiveCfg = Debug|Any CPU
		{B69749E6-D8C3-4CE2-B05E-0E312E23076C}.Debug|x86.Build.0 = Debug|Any CPU
		{B69749E6-D8C3-4CE2-B05E-0E312E23076C}.Release|Any CPU.ActiveCfg = Release|Any CPU
		{B69749E6-D8C3-4CE2-B05E-0E312E23076C}.Release|Any CPU.Build.0 = Release|Any CPU
		{B69749E6-D8C3-4CE2-B05E-0E312E23076C}.Release|x64.ActiveCfg = Release|Any CPU
		{B69749E6-D8C3-4CE2-B05E-0E312E23076C}.Release|x64.Build.0 = Release|Any CPU
		{B69749E6-D8C3-4CE2-B05E-0E312E23076C}.Release|x86.ActiveCfg = Release|Any CPU
		{B69749E6-D8C3-4CE2-B05E-0E312E23076C}.Release|x86.Build.0 = Release|Any CPU
		{8DAFB803-04A8-4ED0-A555-BA9AA10C4C31}.Debug|Any CPU.ActiveCfg = Debug|Any CPU
		{8DAFB803-04A8-4ED0-A555-BA9AA10C4C31}.Debug|Any CPU.Build.0 = Debug|Any CPU
		{8DAFB803-04A8-4ED0-A555-BA9AA10C4C31}.Debug|x64.ActiveCfg = Debug|Any CPU
		{8DAFB803-04A8-4ED0-A555-BA9AA10C4C31}.Debug|x64.Build.0 = Debug|Any CPU
		{8DAFB803-04A8-4ED0-A555-BA9AA10C4C31}.Debug|x86.ActiveCfg = Debug|Any CPU
		{8DAFB803-04A8-4ED0-A555-BA9AA10C4C31}.Debug|x86.Build.0 = Debug|Any CPU
		{8DAFB803-04A8-4ED0-A555-BA9AA10C4C31}.Release|Any CPU.ActiveCfg = Release|Any CPU
		{8DAFB803-04A8-4ED0-A555-BA9AA10C4C31}.Release|Any CPU.Build.0 = Release|Any CPU
		{8DAFB803-04A8-4ED0-A555-BA9AA10C4C31}.Release|x64.ActiveCfg = Release|Any CPU
		{8DAFB803-04A8-4ED0-A555-BA9AA10C4C31}.Release|x64.Build.0 = Release|Any CPU
		{8DAFB803-04A8-4ED0-A555-BA9AA10C4C31}.Release|x86.ActiveCfg = Release|Any CPU
		{8DAFB803-04A8-4ED0-A555-BA9AA10C4C31}.Release|x86.Build.0 = Release|Any CPU
		{66FD8552-C839-464C-98F2-802A4795358F}.Debug|Any CPU.ActiveCfg = Debug|Any CPU
		{66FD8552-C839-464C-98F2-802A4795358F}.Debug|Any CPU.Build.0 = Debug|Any CPU
		{66FD8552-C839-464C-98F2-802A4795358F}.Debug|x64.ActiveCfg = Debug|Any CPU
		{66FD8552-C839-464C-98F2-802A4795358F}.Debug|x64.Build.0 = Debug|Any CPU
		{66FD8552-C839-464C-98F2-802A4795358F}.Debug|x86.ActiveCfg = Debug|Any CPU
		{66FD8552-C839-464C-98F2-802A4795358F}.Debug|x86.Build.0 = Debug|Any CPU
		{66FD8552-C839-464C-98F2-802A4795358F}.Release|Any CPU.ActiveCfg = Release|Any CPU
		{66FD8552-C839-464C-98F2-802A4795358F}.Release|Any CPU.Build.0 = Release|Any CPU
		{66FD8552-C839-464C-98F2-802A4795358F}.Release|x64.ActiveCfg = Release|Any CPU
		{66FD8552-C839-464C-98F2-802A4795358F}.Release|x64.Build.0 = Release|Any CPU
		{66FD8552-C839-464C-98F2-802A4795358F}.Release|x86.ActiveCfg = Release|Any CPU
		{66FD8552-C839-464C-98F2-802A4795358F}.Release|x86.Build.0 = Release|Any CPU
		{C12330AC-A0E0-4CBA-B135-FB64B4F57A48}.Debug|Any CPU.ActiveCfg = Debug|Any CPU
		{C12330AC-A0E0-4CBA-B135-FB64B4F57A48}.Debug|Any CPU.Build.0 = Debug|Any CPU
		{C12330AC-A0E0-4CBA-B135-FB64B4F57A48}.Debug|x64.ActiveCfg = Debug|Any CPU
		{C12330AC-A0E0-4CBA-B135-FB64B4F57A48}.Debug|x64.Build.0 = Debug|Any CPU
		{C12330AC-A0E0-4CBA-B135-FB64B4F57A48}.Debug|x86.ActiveCfg = Debug|Any CPU
		{C12330AC-A0E0-4CBA-B135-FB64B4F57A48}.Debug|x86.Build.0 = Debug|Any CPU
		{C12330AC-A0E0-4CBA-B135-FB64B4F57A48}.Release|Any CPU.ActiveCfg = Release|Any CPU
		{C12330AC-A0E0-4CBA-B135-FB64B4F57A48}.Release|Any CPU.Build.0 = Release|Any CPU
		{C12330AC-A0E0-4CBA-B135-FB64B4F57A48}.Release|x64.ActiveCfg = Release|Any CPU
		{C12330AC-A0E0-4CBA-B135-FB64B4F57A48}.Release|x64.Build.0 = Release|Any CPU
		{C12330AC-A0E0-4CBA-B135-FB64B4F57A48}.Release|x86.ActiveCfg = Release|Any CPU
		{C12330AC-A0E0-4CBA-B135-FB64B4F57A48}.Release|x86.Build.0 = Release|Any CPU
		{F1E5DAE1-E4F7-4D06-A1A7-67C8565A03CA}.Debug|Any CPU.ActiveCfg = Debug|Any CPU
		{F1E5DAE1-E4F7-4D06-A1A7-67C8565A03CA}.Debug|Any CPU.Build.0 = Debug|Any CPU
		{F1E5DAE1-E4F7-4D06-A1A7-67C8565A03CA}.Debug|x64.ActiveCfg = Debug|Any CPU
		{F1E5DAE1-E4F7-4D06-A1A7-67C8565A03CA}.Debug|x64.Build.0 = Debug|Any CPU
		{F1E5DAE1-E4F7-4D06-A1A7-67C8565A03CA}.Debug|x86.ActiveCfg = Debug|Any CPU
		{F1E5DAE1-E4F7-4D06-A1A7-67C8565A03CA}.Debug|x86.Build.0 = Debug|Any CPU
		{F1E5DAE1-E4F7-4D06-A1A7-67C8565A03CA}.Release|Any CPU.ActiveCfg = Release|Any CPU
		{F1E5DAE1-E4F7-4D06-A1A7-67C8565A03CA}.Release|Any CPU.Build.0 = Release|Any CPU
		{F1E5DAE1-E4F7-4D06-A1A7-67C8565A03CA}.Release|x64.ActiveCfg = Release|Any CPU
		{F1E5DAE1-E4F7-4D06-A1A7-67C8565A03CA}.Release|x64.Build.0 = Release|Any CPU
		{F1E5DAE1-E4F7-4D06-A1A7-67C8565A03CA}.Release|x86.ActiveCfg = Release|Any CPU
		{F1E5DAE1-E4F7-4D06-A1A7-67C8565A03CA}.Release|x86.Build.0 = Release|Any CPU
		{B6C75E42-F741-4752-ADD3-037536B13403}.Debug|Any CPU.ActiveCfg = Debug|Any CPU
		{B6C75E42-F741-4752-ADD3-037536B13403}.Debug|Any CPU.Build.0 = Debug|Any CPU
		{B6C75E42-F741-4752-ADD3-037536B13403}.Debug|x64.ActiveCfg = Debug|Any CPU
		{B6C75E42-F741-4752-ADD3-037536B13403}.Debug|x64.Build.0 = Debug|Any CPU
		{B6C75E42-F741-4752-ADD3-037536B13403}.Debug|x86.ActiveCfg = Debug|Any CPU
		{B6C75E42-F741-4752-ADD3-037536B13403}.Debug|x86.Build.0 = Debug|Any CPU
		{B6C75E42-F741-4752-ADD3-037536B13403}.Release|Any CPU.ActiveCfg = Release|Any CPU
		{B6C75E42-F741-4752-ADD3-037536B13403}.Release|Any CPU.Build.0 = Release|Any CPU
		{B6C75E42-F741-4752-ADD3-037536B13403}.Release|x64.ActiveCfg = Release|Any CPU
		{B6C75E42-F741-4752-ADD3-037536B13403}.Release|x64.Build.0 = Release|Any CPU
		{B6C75E42-F741-4752-ADD3-037536B13403}.Release|x86.ActiveCfg = Release|Any CPU
		{B6C75E42-F741-4752-ADD3-037536B13403}.Release|x86.Build.0 = Release|Any CPU
		{A0BA0E26-760F-44DD-9DA6-9E54CBFDB12C}.Debug|Any CPU.ActiveCfg = Debug|Any CPU
		{A0BA0E26-760F-44DD-9DA6-9E54CBFDB12C}.Debug|Any CPU.Build.0 = Debug|Any CPU
		{A0BA0E26-760F-44DD-9DA6-9E54CBFDB12C}.Debug|x64.ActiveCfg = Debug|Any CPU
		{A0BA0E26-760F-44DD-9DA6-9E54CBFDB12C}.Debug|x64.Build.0 = Debug|Any CPU
		{A0BA0E26-760F-44DD-9DA6-9E54CBFDB12C}.Debug|x86.ActiveCfg = Debug|Any CPU
		{A0BA0E26-760F-44DD-9DA6-9E54CBFDB12C}.Debug|x86.Build.0 = Debug|Any CPU
		{A0BA0E26-760F-44DD-9DA6-9E54CBFDB12C}.Release|Any CPU.ActiveCfg = Release|Any CPU
		{A0BA0E26-760F-44DD-9DA6-9E54CBFDB12C}.Release|Any CPU.Build.0 = Release|Any CPU
		{A0BA0E26-760F-44DD-9DA6-9E54CBFDB12C}.Release|x64.ActiveCfg = Release|Any CPU
		{A0BA0E26-760F-44DD-9DA6-9E54CBFDB12C}.Release|x64.Build.0 = Release|Any CPU
		{A0BA0E26-760F-44DD-9DA6-9E54CBFDB12C}.Release|x86.ActiveCfg = Release|Any CPU
		{A0BA0E26-760F-44DD-9DA6-9E54CBFDB12C}.Release|x86.Build.0 = Release|Any CPU
		{E4C8E438-5512-4DB1-889B-C974B282B6CF}.Debug|Any CPU.ActiveCfg = Debug|Any CPU
		{E4C8E438-5512-4DB1-889B-C974B282B6CF}.Debug|Any CPU.Build.0 = Debug|Any CPU
		{E4C8E438-5512-4DB1-889B-C974B282B6CF}.Debug|x64.ActiveCfg = Debug|Any CPU
		{E4C8E438-5512-4DB1-889B-C974B282B6CF}.Debug|x64.Build.0 = Debug|Any CPU
		{E4C8E438-5512-4DB1-889B-C974B282B6CF}.Debug|x86.ActiveCfg = Debug|Any CPU
		{E4C8E438-5512-4DB1-889B-C974B282B6CF}.Debug|x86.Build.0 = Debug|Any CPU
		{E4C8E438-5512-4DB1-889B-C974B282B6CF}.Release|Any CPU.ActiveCfg = Release|Any CPU
		{E4C8E438-5512-4DB1-889B-C974B282B6CF}.Release|Any CPU.Build.0 = Release|Any CPU
		{E4C8E438-5512-4DB1-889B-C974B282B6CF}.Release|x64.ActiveCfg = Release|Any CPU
		{E4C8E438-5512-4DB1-889B-C974B282B6CF}.Release|x64.Build.0 = Release|Any CPU
		{E4C8E438-5512-4DB1-889B-C974B282B6CF}.Release|x86.ActiveCfg = Release|Any CPU
		{E4C8E438-5512-4DB1-889B-C974B282B6CF}.Release|x86.Build.0 = Release|Any CPU
		{5E82EBF9-2819-4B96-AD13-36DE3A67640D}.Debug|Any CPU.ActiveCfg = Debug|Any CPU
		{5E82EBF9-2819-4B96-AD13-36DE3A67640D}.Debug|Any CPU.Build.0 = Debug|Any CPU
		{5E82EBF9-2819-4B96-AD13-36DE3A67640D}.Debug|x64.ActiveCfg = Debug|Any CPU
		{5E82EBF9-2819-4B96-AD13-36DE3A67640D}.Debug|x64.Build.0 = Debug|Any CPU
		{5E82EBF9-2819-4B96-AD13-36DE3A67640D}.Debug|x86.ActiveCfg = Debug|Any CPU
		{5E82EBF9-2819-4B96-AD13-36DE3A67640D}.Debug|x86.Build.0 = Debug|Any CPU
		{5E82EBF9-2819-4B96-AD13-36DE3A67640D}.Release|Any CPU.ActiveCfg = Release|Any CPU
		{5E82EBF9-2819-4B96-AD13-36DE3A67640D}.Release|Any CPU.Build.0 = Release|Any CPU
		{5E82EBF9-2819-4B96-AD13-36DE3A67640D}.Release|x64.ActiveCfg = Release|Any CPU
		{5E82EBF9-2819-4B96-AD13-36DE3A67640D}.Release|x64.Build.0 = Release|Any CPU
		{5E82EBF9-2819-4B96-AD13-36DE3A67640D}.Release|x86.ActiveCfg = Release|Any CPU
		{5E82EBF9-2819-4B96-AD13-36DE3A67640D}.Release|x86.Build.0 = Release|Any CPU
		{5FD17E32-6812-4FB1-ABF6-937C28C0D691}.Debug|Any CPU.ActiveCfg = Debug|Any CPU
		{5FD17E32-6812-4FB1-ABF6-937C28C0D691}.Debug|Any CPU.Build.0 = Debug|Any CPU
		{5FD17E32-6812-4FB1-ABF6-937C28C0D691}.Debug|x64.ActiveCfg = Debug|Any CPU
		{5FD17E32-6812-4FB1-ABF6-937C28C0D691}.Debug|x64.Build.0 = Debug|Any CPU
		{5FD17E32-6812-4FB1-ABF6-937C28C0D691}.Debug|x86.ActiveCfg = Debug|Any CPU
		{5FD17E32-6812-4FB1-ABF6-937C28C0D691}.Debug|x86.Build.0 = Debug|Any CPU
		{5FD17E32-6812-4FB1-ABF6-937C28C0D691}.Release|Any CPU.ActiveCfg = Release|Any CPU
		{5FD17E32-6812-4FB1-ABF6-937C28C0D691}.Release|Any CPU.Build.0 = Release|Any CPU
		{5FD17E32-6812-4FB1-ABF6-937C28C0D691}.Release|x64.ActiveCfg = Release|Any CPU
		{5FD17E32-6812-4FB1-ABF6-937C28C0D691}.Release|x64.Build.0 = Release|Any CPU
		{5FD17E32-6812-4FB1-ABF6-937C28C0D691}.Release|x86.ActiveCfg = Release|Any CPU
		{5FD17E32-6812-4FB1-ABF6-937C28C0D691}.Release|x86.Build.0 = Release|Any CPU
		{9AFA36B8-B532-4F2C-BCDA-4F8BCE0BD4F8}.Debug|Any CPU.ActiveCfg = Debug|Any CPU
		{9AFA36B8-B532-4F2C-BCDA-4F8BCE0BD4F8}.Debug|Any CPU.Build.0 = Debug|Any CPU
		{9AFA36B8-B532-4F2C-BCDA-4F8BCE0BD4F8}.Debug|x64.ActiveCfg = Debug|Any CPU
		{9AFA36B8-B532-4F2C-BCDA-4F8BCE0BD4F8}.Debug|x64.Build.0 = Debug|Any CPU
		{9AFA36B8-B532-4F2C-BCDA-4F8BCE0BD4F8}.Debug|x86.ActiveCfg = Debug|Any CPU
		{9AFA36B8-B532-4F2C-BCDA-4F8BCE0BD4F8}.Debug|x86.Build.0 = Debug|Any CPU
		{9AFA36B8-B532-4F2C-BCDA-4F8BCE0BD4F8}.Release|Any CPU.ActiveCfg = Release|Any CPU
		{9AFA36B8-B532-4F2C-BCDA-4F8BCE0BD4F8}.Release|Any CPU.Build.0 = Release|Any CPU
		{9AFA36B8-B532-4F2C-BCDA-4F8BCE0BD4F8}.Release|x64.ActiveCfg = Release|Any CPU
		{9AFA36B8-B532-4F2C-BCDA-4F8BCE0BD4F8}.Release|x64.Build.0 = Release|Any CPU
		{9AFA36B8-B532-4F2C-BCDA-4F8BCE0BD4F8}.Release|x86.ActiveCfg = Release|Any CPU
		{9AFA36B8-B532-4F2C-BCDA-4F8BCE0BD4F8}.Release|x86.Build.0 = Release|Any CPU
		{AB1CA246-4400-4978-B4F4-7B0B890E377E}.Debug|Any CPU.ActiveCfg = Debug|Any CPU
		{AB1CA246-4400-4978-B4F4-7B0B890E377E}.Debug|Any CPU.Build.0 = Debug|Any CPU
		{AB1CA246-4400-4978-B4F4-7B0B890E377E}.Debug|x64.ActiveCfg = Debug|Any CPU
		{AB1CA246-4400-4978-B4F4-7B0B890E377E}.Debug|x64.Build.0 = Debug|Any CPU
		{AB1CA246-4400-4978-B4F4-7B0B890E377E}.Debug|x86.ActiveCfg = Debug|Any CPU
		{AB1CA246-4400-4978-B4F4-7B0B890E377E}.Debug|x86.Build.0 = Debug|Any CPU
		{AB1CA246-4400-4978-B4F4-7B0B890E377E}.Release|Any CPU.ActiveCfg = Release|Any CPU
		{AB1CA246-4400-4978-B4F4-7B0B890E377E}.Release|Any CPU.Build.0 = Release|Any CPU
		{AB1CA246-4400-4978-B4F4-7B0B890E377E}.Release|x64.ActiveCfg = Release|Any CPU
		{AB1CA246-4400-4978-B4F4-7B0B890E377E}.Release|x64.Build.0 = Release|Any CPU
		{AB1CA246-4400-4978-B4F4-7B0B890E377E}.Release|x86.ActiveCfg = Release|Any CPU
		{AB1CA246-4400-4978-B4F4-7B0B890E377E}.Release|x86.Build.0 = Release|Any CPU
		{59E32808-F212-482E-8E40-4511F97E1F05}.Debug|Any CPU.ActiveCfg = Debug|Any CPU
		{59E32808-F212-482E-8E40-4511F97E1F05}.Debug|Any CPU.Build.0 = Debug|Any CPU
		{59E32808-F212-482E-8E40-4511F97E1F05}.Debug|x64.ActiveCfg = Debug|Any CPU
		{59E32808-F212-482E-8E40-4511F97E1F05}.Debug|x64.Build.0 = Debug|Any CPU
		{59E32808-F212-482E-8E40-4511F97E1F05}.Debug|x86.ActiveCfg = Debug|Any CPU
		{59E32808-F212-482E-8E40-4511F97E1F05}.Debug|x86.Build.0 = Debug|Any CPU
		{59E32808-F212-482E-8E40-4511F97E1F05}.Release|Any CPU.ActiveCfg = Release|Any CPU
		{59E32808-F212-482E-8E40-4511F97E1F05}.Release|Any CPU.Build.0 = Release|Any CPU
		{59E32808-F212-482E-8E40-4511F97E1F05}.Release|x64.ActiveCfg = Release|Any CPU
		{59E32808-F212-482E-8E40-4511F97E1F05}.Release|x64.Build.0 = Release|Any CPU
		{59E32808-F212-482E-8E40-4511F97E1F05}.Release|x86.ActiveCfg = Release|Any CPU
		{59E32808-F212-482E-8E40-4511F97E1F05}.Release|x86.Build.0 = Release|Any CPU
		{90AEEDE5-73CF-47FC-9D84-0B0BF3F3005B}.Debug|Any CPU.ActiveCfg = Debug|Any CPU
		{90AEEDE5-73CF-47FC-9D84-0B0BF3F3005B}.Debug|Any CPU.Build.0 = Debug|Any CPU
		{90AEEDE5-73CF-47FC-9D84-0B0BF3F3005B}.Debug|x64.ActiveCfg = Debug|Any CPU
		{90AEEDE5-73CF-47FC-9D84-0B0BF3F3005B}.Debug|x64.Build.0 = Debug|Any CPU
		{90AEEDE5-73CF-47FC-9D84-0B0BF3F3005B}.Debug|x86.ActiveCfg = Debug|Any CPU
		{90AEEDE5-73CF-47FC-9D84-0B0BF3F3005B}.Debug|x86.Build.0 = Debug|Any CPU
		{90AEEDE5-73CF-47FC-9D84-0B0BF3F3005B}.Release|Any CPU.ActiveCfg = Release|Any CPU
		{90AEEDE5-73CF-47FC-9D84-0B0BF3F3005B}.Release|Any CPU.Build.0 = Release|Any CPU
		{90AEEDE5-73CF-47FC-9D84-0B0BF3F3005B}.Release|x64.ActiveCfg = Release|Any CPU
		{90AEEDE5-73CF-47FC-9D84-0B0BF3F3005B}.Release|x64.Build.0 = Release|Any CPU
		{90AEEDE5-73CF-47FC-9D84-0B0BF3F3005B}.Release|x86.ActiveCfg = Release|Any CPU
		{90AEEDE5-73CF-47FC-9D84-0B0BF3F3005B}.Release|x86.Build.0 = Release|Any CPU
		{55329349-2D10-4616-9E3C-ED67E1D01152}.Debug|Any CPU.ActiveCfg = Debug|Any CPU
		{55329349-2D10-4616-9E3C-ED67E1D01152}.Debug|Any CPU.Build.0 = Debug|Any CPU
		{55329349-2D10-4616-9E3C-ED67E1D01152}.Debug|x64.ActiveCfg = Debug|Any CPU
		{55329349-2D10-4616-9E3C-ED67E1D01152}.Debug|x64.Build.0 = Debug|Any CPU
		{55329349-2D10-4616-9E3C-ED67E1D01152}.Debug|x86.ActiveCfg = Debug|Any CPU
		{55329349-2D10-4616-9E3C-ED67E1D01152}.Debug|x86.Build.0 = Debug|Any CPU
		{55329349-2D10-4616-9E3C-ED67E1D01152}.Release|Any CPU.ActiveCfg = Release|Any CPU
		{55329349-2D10-4616-9E3C-ED67E1D01152}.Release|Any CPU.Build.0 = Release|Any CPU
		{55329349-2D10-4616-9E3C-ED67E1D01152}.Release|x64.ActiveCfg = Release|Any CPU
		{55329349-2D10-4616-9E3C-ED67E1D01152}.Release|x64.Build.0 = Release|Any CPU
		{55329349-2D10-4616-9E3C-ED67E1D01152}.Release|x86.ActiveCfg = Release|Any CPU
		{55329349-2D10-4616-9E3C-ED67E1D01152}.Release|x86.Build.0 = Release|Any CPU
		{0FC3B0A6-13FD-45E8-9A82-B163E45FE9D0}.Debug|Any CPU.ActiveCfg = Debug|Any CPU
		{0FC3B0A6-13FD-45E8-9A82-B163E45FE9D0}.Debug|Any CPU.Build.0 = Debug|Any CPU
		{0FC3B0A6-13FD-45E8-9A82-B163E45FE9D0}.Debug|x64.ActiveCfg = Debug|Any CPU
		{0FC3B0A6-13FD-45E8-9A82-B163E45FE9D0}.Debug|x64.Build.0 = Debug|Any CPU
		{0FC3B0A6-13FD-45E8-9A82-B163E45FE9D0}.Debug|x86.ActiveCfg = Debug|Any CPU
		{0FC3B0A6-13FD-45E8-9A82-B163E45FE9D0}.Debug|x86.Build.0 = Debug|Any CPU
		{0FC3B0A6-13FD-45E8-9A82-B163E45FE9D0}.Release|Any CPU.ActiveCfg = Release|Any CPU
		{0FC3B0A6-13FD-45E8-9A82-B163E45FE9D0}.Release|Any CPU.Build.0 = Release|Any CPU
		{0FC3B0A6-13FD-45E8-9A82-B163E45FE9D0}.Release|x64.ActiveCfg = Release|Any CPU
		{0FC3B0A6-13FD-45E8-9A82-B163E45FE9D0}.Release|x64.Build.0 = Release|Any CPU
		{0FC3B0A6-13FD-45E8-9A82-B163E45FE9D0}.Release|x86.ActiveCfg = Release|Any CPU
		{0FC3B0A6-13FD-45E8-9A82-B163E45FE9D0}.Release|x86.Build.0 = Release|Any CPU
		{2302D315-250F-4E22-B269-DB49AAE96223}.Debug|Any CPU.ActiveCfg = Debug|Any CPU
		{2302D315-250F-4E22-B269-DB49AAE96223}.Debug|Any CPU.Build.0 = Debug|Any CPU
		{2302D315-250F-4E22-B269-DB49AAE96223}.Debug|x64.ActiveCfg = Debug|Any CPU
		{2302D315-250F-4E22-B269-DB49AAE96223}.Debug|x64.Build.0 = Debug|Any CPU
		{2302D315-250F-4E22-B269-DB49AAE96223}.Debug|x86.ActiveCfg = Debug|Any CPU
		{2302D315-250F-4E22-B269-DB49AAE96223}.Debug|x86.Build.0 = Debug|Any CPU
		{2302D315-250F-4E22-B269-DB49AAE96223}.Release|Any CPU.ActiveCfg = Release|Any CPU
		{2302D315-250F-4E22-B269-DB49AAE96223}.Release|Any CPU.Build.0 = Release|Any CPU
		{2302D315-250F-4E22-B269-DB49AAE96223}.Release|x64.ActiveCfg = Release|Any CPU
		{2302D315-250F-4E22-B269-DB49AAE96223}.Release|x64.Build.0 = Release|Any CPU
		{2302D315-250F-4E22-B269-DB49AAE96223}.Release|x86.ActiveCfg = Release|Any CPU
		{2302D315-250F-4E22-B269-DB49AAE96223}.Release|x86.Build.0 = Release|Any CPU
		{1E3901F0-ACE4-4973-BE5E-4B1109C95BB1}.Debug|Any CPU.ActiveCfg = Debug|Any CPU
		{1E3901F0-ACE4-4973-BE5E-4B1109C95BB1}.Debug|Any CPU.Build.0 = Debug|Any CPU
		{1E3901F0-ACE4-4973-BE5E-4B1109C95BB1}.Debug|x64.ActiveCfg = Debug|Any CPU
		{1E3901F0-ACE4-4973-BE5E-4B1109C95BB1}.Debug|x64.Build.0 = Debug|Any CPU
		{1E3901F0-ACE4-4973-BE5E-4B1109C95BB1}.Debug|x86.ActiveCfg = Debug|Any CPU
		{1E3901F0-ACE4-4973-BE5E-4B1109C95BB1}.Debug|x86.Build.0 = Debug|Any CPU
		{1E3901F0-ACE4-4973-BE5E-4B1109C95BB1}.Release|Any CPU.ActiveCfg = Release|Any CPU
		{1E3901F0-ACE4-4973-BE5E-4B1109C95BB1}.Release|Any CPU.Build.0 = Release|Any CPU
		{1E3901F0-ACE4-4973-BE5E-4B1109C95BB1}.Release|x64.ActiveCfg = Release|Any CPU
		{1E3901F0-ACE4-4973-BE5E-4B1109C95BB1}.Release|x64.Build.0 = Release|Any CPU
		{1E3901F0-ACE4-4973-BE5E-4B1109C95BB1}.Release|x86.ActiveCfg = Release|Any CPU
		{1E3901F0-ACE4-4973-BE5E-4B1109C95BB1}.Release|x86.Build.0 = Release|Any CPU
		{11FF241B-126F-4CC6-B15E-C416DBF4A773}.Debug|Any CPU.ActiveCfg = Debug|Any CPU
		{11FF241B-126F-4CC6-B15E-C416DBF4A773}.Debug|Any CPU.Build.0 = Debug|Any CPU
		{11FF241B-126F-4CC6-B15E-C416DBF4A773}.Debug|x64.ActiveCfg = Debug|Any CPU
		{11FF241B-126F-4CC6-B15E-C416DBF4A773}.Debug|x64.Build.0 = Debug|Any CPU
		{11FF241B-126F-4CC6-B15E-C416DBF4A773}.Debug|x86.ActiveCfg = Debug|Any CPU
		{11FF241B-126F-4CC6-B15E-C416DBF4A773}.Debug|x86.Build.0 = Debug|Any CPU
		{11FF241B-126F-4CC6-B15E-C416DBF4A773}.Release|Any CPU.ActiveCfg = Release|Any CPU
		{11FF241B-126F-4CC6-B15E-C416DBF4A773}.Release|Any CPU.Build.0 = Release|Any CPU
		{11FF241B-126F-4CC6-B15E-C416DBF4A773}.Release|x64.ActiveCfg = Release|Any CPU
		{11FF241B-126F-4CC6-B15E-C416DBF4A773}.Release|x64.Build.0 = Release|Any CPU
		{11FF241B-126F-4CC6-B15E-C416DBF4A773}.Release|x86.ActiveCfg = Release|Any CPU
		{11FF241B-126F-4CC6-B15E-C416DBF4A773}.Release|x86.Build.0 = Release|Any CPU
		{57A444F2-CFF8-4123-888E-7335ECF30887}.Debug|Any CPU.ActiveCfg = Debug|Any CPU
		{57A444F2-CFF8-4123-888E-7335ECF30887}.Debug|Any CPU.Build.0 = Debug|Any CPU
		{57A444F2-CFF8-4123-888E-7335ECF30887}.Debug|x64.ActiveCfg = Debug|Any CPU
		{57A444F2-CFF8-4123-888E-7335ECF30887}.Debug|x64.Build.0 = Debug|Any CPU
		{57A444F2-CFF8-4123-888E-7335ECF30887}.Debug|x86.ActiveCfg = Debug|Any CPU
		{57A444F2-CFF8-4123-888E-7335ECF30887}.Debug|x86.Build.0 = Debug|Any CPU
		{57A444F2-CFF8-4123-888E-7335ECF30887}.Release|Any CPU.ActiveCfg = Release|Any CPU
		{57A444F2-CFF8-4123-888E-7335ECF30887}.Release|Any CPU.Build.0 = Release|Any CPU
		{57A444F2-CFF8-4123-888E-7335ECF30887}.Release|x64.ActiveCfg = Release|Any CPU
		{57A444F2-CFF8-4123-888E-7335ECF30887}.Release|x64.Build.0 = Release|Any CPU
		{57A444F2-CFF8-4123-888E-7335ECF30887}.Release|x86.ActiveCfg = Release|Any CPU
		{57A444F2-CFF8-4123-888E-7335ECF30887}.Release|x86.Build.0 = Release|Any CPU
		{8BC963D8-270D-4790-B3A6-8FC7BA907178}.Debug|Any CPU.ActiveCfg = Debug|Any CPU
		{8BC963D8-270D-4790-B3A6-8FC7BA907178}.Debug|Any CPU.Build.0 = Debug|Any CPU
		{8BC963D8-270D-4790-B3A6-8FC7BA907178}.Debug|x64.ActiveCfg = Debug|Any CPU
		{8BC963D8-270D-4790-B3A6-8FC7BA907178}.Debug|x64.Build.0 = Debug|Any CPU
		{8BC963D8-270D-4790-B3A6-8FC7BA907178}.Debug|x86.ActiveCfg = Debug|Any CPU
		{8BC963D8-270D-4790-B3A6-8FC7BA907178}.Debug|x86.Build.0 = Debug|Any CPU
		{8BC963D8-270D-4790-B3A6-8FC7BA907178}.Release|Any CPU.ActiveCfg = Release|Any CPU
		{8BC963D8-270D-4790-B3A6-8FC7BA907178}.Release|Any CPU.Build.0 = Release|Any CPU
		{8BC963D8-270D-4790-B3A6-8FC7BA907178}.Release|x64.ActiveCfg = Release|Any CPU
		{8BC963D8-270D-4790-B3A6-8FC7BA907178}.Release|x64.Build.0 = Release|Any CPU
		{8BC963D8-270D-4790-B3A6-8FC7BA907178}.Release|x86.ActiveCfg = Release|Any CPU
		{8BC963D8-270D-4790-B3A6-8FC7BA907178}.Release|x86.Build.0 = Release|Any CPU
		{3FC24690-E6F6-4C0C-B3C2-517FDD5688F2}.Debug|Any CPU.ActiveCfg = Debug|Any CPU
		{3FC24690-E6F6-4C0C-B3C2-517FDD5688F2}.Debug|Any CPU.Build.0 = Debug|Any CPU
		{3FC24690-E6F6-4C0C-B3C2-517FDD5688F2}.Debug|x64.ActiveCfg = Debug|Any CPU
		{3FC24690-E6F6-4C0C-B3C2-517FDD5688F2}.Debug|x64.Build.0 = Debug|Any CPU
		{3FC24690-E6F6-4C0C-B3C2-517FDD5688F2}.Debug|x86.ActiveCfg = Debug|Any CPU
		{3FC24690-E6F6-4C0C-B3C2-517FDD5688F2}.Debug|x86.Build.0 = Debug|Any CPU
		{3FC24690-E6F6-4C0C-B3C2-517FDD5688F2}.Release|Any CPU.ActiveCfg = Release|Any CPU
		{3FC24690-E6F6-4C0C-B3C2-517FDD5688F2}.Release|Any CPU.Build.0 = Release|Any CPU
		{3FC24690-E6F6-4C0C-B3C2-517FDD5688F2}.Release|x64.ActiveCfg = Release|Any CPU
		{3FC24690-E6F6-4C0C-B3C2-517FDD5688F2}.Release|x64.Build.0 = Release|Any CPU
		{3FC24690-E6F6-4C0C-B3C2-517FDD5688F2}.Release|x86.ActiveCfg = Release|Any CPU
		{3FC24690-E6F6-4C0C-B3C2-517FDD5688F2}.Release|x86.Build.0 = Release|Any CPU
		{3408C0D2-ADA3-4B4B-BE3E-BED1CAE3C261}.Debug|Any CPU.ActiveCfg = Debug|Any CPU
		{3408C0D2-ADA3-4B4B-BE3E-BED1CAE3C261}.Debug|Any CPU.Build.0 = Debug|Any CPU
		{3408C0D2-ADA3-4B4B-BE3E-BED1CAE3C261}.Debug|x64.ActiveCfg = Debug|Any CPU
		{3408C0D2-ADA3-4B4B-BE3E-BED1CAE3C261}.Debug|x64.Build.0 = Debug|Any CPU
		{3408C0D2-ADA3-4B4B-BE3E-BED1CAE3C261}.Debug|x86.ActiveCfg = Debug|Any CPU
		{3408C0D2-ADA3-4B4B-BE3E-BED1CAE3C261}.Debug|x86.Build.0 = Debug|Any CPU
		{3408C0D2-ADA3-4B4B-BE3E-BED1CAE3C261}.Release|Any CPU.ActiveCfg = Release|Any CPU
		{3408C0D2-ADA3-4B4B-BE3E-BED1CAE3C261}.Release|Any CPU.Build.0 = Release|Any CPU
		{3408C0D2-ADA3-4B4B-BE3E-BED1CAE3C261}.Release|x64.ActiveCfg = Release|Any CPU
		{3408C0D2-ADA3-4B4B-BE3E-BED1CAE3C261}.Release|x64.Build.0 = Release|Any CPU
		{3408C0D2-ADA3-4B4B-BE3E-BED1CAE3C261}.Release|x86.ActiveCfg = Release|Any CPU
		{3408C0D2-ADA3-4B4B-BE3E-BED1CAE3C261}.Release|x86.Build.0 = Release|Any CPU
		{FCD2C558-2A8E-48AB-9B7D-8C6965005ED2}.Debug|Any CPU.ActiveCfg = Debug|Any CPU
		{FCD2C558-2A8E-48AB-9B7D-8C6965005ED2}.Debug|Any CPU.Build.0 = Debug|Any CPU
		{FCD2C558-2A8E-48AB-9B7D-8C6965005ED2}.Debug|x64.ActiveCfg = Debug|Any CPU
		{FCD2C558-2A8E-48AB-9B7D-8C6965005ED2}.Debug|x64.Build.0 = Debug|Any CPU
		{FCD2C558-2A8E-48AB-9B7D-8C6965005ED2}.Debug|x86.ActiveCfg = Debug|Any CPU
		{FCD2C558-2A8E-48AB-9B7D-8C6965005ED2}.Debug|x86.Build.0 = Debug|Any CPU
		{FCD2C558-2A8E-48AB-9B7D-8C6965005ED2}.Release|Any CPU.ActiveCfg = Release|Any CPU
		{FCD2C558-2A8E-48AB-9B7D-8C6965005ED2}.Release|Any CPU.Build.0 = Release|Any CPU
		{FCD2C558-2A8E-48AB-9B7D-8C6965005ED2}.Release|x64.ActiveCfg = Release|Any CPU
		{FCD2C558-2A8E-48AB-9B7D-8C6965005ED2}.Release|x64.Build.0 = Release|Any CPU
		{FCD2C558-2A8E-48AB-9B7D-8C6965005ED2}.Release|x86.ActiveCfg = Release|Any CPU
		{FCD2C558-2A8E-48AB-9B7D-8C6965005ED2}.Release|x86.Build.0 = Release|Any CPU
		{5DECC136-885F-447C-B84F-DF7393E61587}.Debug|Any CPU.ActiveCfg = Debug|Any CPU
		{5DECC136-885F-447C-B84F-DF7393E61587}.Debug|Any CPU.Build.0 = Debug|Any CPU
		{5DECC136-885F-447C-B84F-DF7393E61587}.Debug|x64.ActiveCfg = Debug|Any CPU
		{5DECC136-885F-447C-B84F-DF7393E61587}.Debug|x64.Build.0 = Debug|Any CPU
		{5DECC136-885F-447C-B84F-DF7393E61587}.Debug|x86.ActiveCfg = Debug|Any CPU
		{5DECC136-885F-447C-B84F-DF7393E61587}.Debug|x86.Build.0 = Debug|Any CPU
		{5DECC136-885F-447C-B84F-DF7393E61587}.Release|Any CPU.ActiveCfg = Release|Any CPU
		{5DECC136-885F-447C-B84F-DF7393E61587}.Release|Any CPU.Build.0 = Release|Any CPU
		{5DECC136-885F-447C-B84F-DF7393E61587}.Release|x64.ActiveCfg = Release|Any CPU
		{5DECC136-885F-447C-B84F-DF7393E61587}.Release|x64.Build.0 = Release|Any CPU
		{5DECC136-885F-447C-B84F-DF7393E61587}.Release|x86.ActiveCfg = Release|Any CPU
		{5DECC136-885F-447C-B84F-DF7393E61587}.Release|x86.Build.0 = Release|Any CPU
		{F4CEA431-348A-4857-A76E-018AF99ABF26}.Debug|Any CPU.ActiveCfg = Debug|Any CPU
		{F4CEA431-348A-4857-A76E-018AF99ABF26}.Debug|Any CPU.Build.0 = Debug|Any CPU
		{F4CEA431-348A-4857-A76E-018AF99ABF26}.Debug|x64.ActiveCfg = Debug|Any CPU
		{F4CEA431-348A-4857-A76E-018AF99ABF26}.Debug|x64.Build.0 = Debug|Any CPU
		{F4CEA431-348A-4857-A76E-018AF99ABF26}.Debug|x86.ActiveCfg = Debug|Any CPU
		{F4CEA431-348A-4857-A76E-018AF99ABF26}.Debug|x86.Build.0 = Debug|Any CPU
		{F4CEA431-348A-4857-A76E-018AF99ABF26}.Release|Any CPU.ActiveCfg = Release|Any CPU
		{F4CEA431-348A-4857-A76E-018AF99ABF26}.Release|Any CPU.Build.0 = Release|Any CPU
		{F4CEA431-348A-4857-A76E-018AF99ABF26}.Release|x64.ActiveCfg = Release|Any CPU
		{F4CEA431-348A-4857-A76E-018AF99ABF26}.Release|x64.Build.0 = Release|Any CPU
		{F4CEA431-348A-4857-A76E-018AF99ABF26}.Release|x86.ActiveCfg = Release|Any CPU
		{F4CEA431-348A-4857-A76E-018AF99ABF26}.Release|x86.Build.0 = Release|Any CPU
		{446A5674-F2E1-4D09-BCAA-0B2D15C9F18F}.Debug|Any CPU.ActiveCfg = Debug|Any CPU
		{446A5674-F2E1-4D09-BCAA-0B2D15C9F18F}.Debug|Any CPU.Build.0 = Debug|Any CPU
		{446A5674-F2E1-4D09-BCAA-0B2D15C9F18F}.Debug|x64.ActiveCfg = Debug|Any CPU
		{446A5674-F2E1-4D09-BCAA-0B2D15C9F18F}.Debug|x64.Build.0 = Debug|Any CPU
		{446A5674-F2E1-4D09-BCAA-0B2D15C9F18F}.Debug|x86.ActiveCfg = Debug|Any CPU
		{446A5674-F2E1-4D09-BCAA-0B2D15C9F18F}.Debug|x86.Build.0 = Debug|Any CPU
		{446A5674-F2E1-4D09-BCAA-0B2D15C9F18F}.Release|Any CPU.ActiveCfg = Release|Any CPU
		{446A5674-F2E1-4D09-BCAA-0B2D15C9F18F}.Release|Any CPU.Build.0 = Release|Any CPU
		{446A5674-F2E1-4D09-BCAA-0B2D15C9F18F}.Release|x64.ActiveCfg = Release|Any CPU
		{446A5674-F2E1-4D09-BCAA-0B2D15C9F18F}.Release|x64.Build.0 = Release|Any CPU
		{446A5674-F2E1-4D09-BCAA-0B2D15C9F18F}.Release|x86.ActiveCfg = Release|Any CPU
		{446A5674-F2E1-4D09-BCAA-0B2D15C9F18F}.Release|x86.Build.0 = Release|Any CPU
	EndGlobalSection
	GlobalSection(SolutionProperties) = preSolution
		HideSolutionNode = FALSE
	EndGlobalSection
	GlobalSection(NestedProjects) = preSolution
		{8C26C63A-3493-4F7F-9A01-83A77F47EB58} = {42879882-E009-42A4-ABFA-5EF5A425DE16}
		{D69A0973-8C89-4251-BE62-BC635A9EFA98} = {42879882-E009-42A4-ABFA-5EF5A425DE16}
		{B6CDAF11-8053-4F46-9B08-3BBF72A23A43} = {42879882-E009-42A4-ABFA-5EF5A425DE16}
		{4AF0056B-524C-4E5D-ACF5-A9CBB331C3E4} = {42879882-E009-42A4-ABFA-5EF5A425DE16}
		{54256D6E-346B-4842-B6F0-BB556D43197E} = {148553B6-610D-43D3-822F-EBC2218AD32B}
		{27F09076-AD50-4674-895A-BB10707EAC79} = {148553B6-610D-43D3-822F-EBC2218AD32B}
		{068A3060-663A-4B1F-BD7A-1DF17FB8C178} = {148553B6-610D-43D3-822F-EBC2218AD32B}
		{7DE7615E-B305-4BAF-B8EE-C15A2373251F} = {148553B6-610D-43D3-822F-EBC2218AD32B}
		{261B0815-7B45-4001-A1C0-75B8B6E7E41B} = {EF090163-9F21-4EBD-984D-6B8961CBE5A6}
		{1405F5EF-7CC7-4A15-A546-97E599FEB0F0} = {EF090163-9F21-4EBD-984D-6B8961CBE5A6}
		{B69749E6-D8C3-4CE2-B05E-0E312E23076C} = {EF090163-9F21-4EBD-984D-6B8961CBE5A6}
		{8DAFB803-04A8-4ED0-A555-BA9AA10C4C31} = {EF090163-9F21-4EBD-984D-6B8961CBE5A6}
		{66FD8552-C839-464C-98F2-802A4795358F} = {A78B07F0-1D43-4360-A04F-263BF0CC95EA}
		{C12330AC-A0E0-4CBA-B135-FB64B4F57A48} = {A78B07F0-1D43-4360-A04F-263BF0CC95EA}
		{F1E5DAE1-E4F7-4D06-A1A7-67C8565A03CA} = {A78B07F0-1D43-4360-A04F-263BF0CC95EA}
		{B6C75E42-F741-4752-ADD3-037536B13403} = {A78B07F0-1D43-4360-A04F-263BF0CC95EA}
		{A0BA0E26-760F-44DD-9DA6-9E54CBFDB12C} = {93435109-2D40-42ED-B913-3447D6D6BE7C}
		{E4C8E438-5512-4DB1-889B-C974B282B6CF} = {93435109-2D40-42ED-B913-3447D6D6BE7C}
		{5E82EBF9-2819-4B96-AD13-36DE3A67640D} = {93435109-2D40-42ED-B913-3447D6D6BE7C}
		{5FD17E32-6812-4FB1-ABF6-937C28C0D691} = {93435109-2D40-42ED-B913-3447D6D6BE7C}
		{9AFA36B8-B532-4F2C-BCDA-4F8BCE0BD4F8} = {E71AB41A-D8F4-4CAF-84BB-544342C98FAC}
		{AB1CA246-4400-4978-B4F4-7B0B890E377E} = {E71AB41A-D8F4-4CAF-84BB-544342C98FAC}
		{59E32808-F212-482E-8E40-4511F97E1F05} = {E71AB41A-D8F4-4CAF-84BB-544342C98FAC}
		{90AEEDE5-73CF-47FC-9D84-0B0BF3F3005B} = {E71AB41A-D8F4-4CAF-84BB-544342C98FAC}
		{55329349-2D10-4616-9E3C-ED67E1D01152} = {401C9E03-7569-4268-9054-F30A10E7ED79}
		{0FC3B0A6-13FD-45E8-9A82-B163E45FE9D0} = {401C9E03-7569-4268-9054-F30A10E7ED79}
		{2302D315-250F-4E22-B269-DB49AAE96223} = {401C9E03-7569-4268-9054-F30A10E7ED79}
		{1E3901F0-ACE4-4973-BE5E-4B1109C95BB1} = {401C9E03-7569-4268-9054-F30A10E7ED79}
		{11FF241B-126F-4CC6-B15E-C416DBF4A773} = {401C9E03-7569-4268-9054-F30A10E7ED79}
		{57A444F2-CFF8-4123-888E-7335ECF30887} = {401C9E03-7569-4268-9054-F30A10E7ED79}
		{8BC963D8-270D-4790-B3A6-8FC7BA907178} = {401C9E03-7569-4268-9054-F30A10E7ED79}
		{3FC24690-E6F6-4C0C-B3C2-517FDD5688F2} = {401C9E03-7569-4268-9054-F30A10E7ED79}
		{3408C0D2-ADA3-4B4B-BE3E-BED1CAE3C261} = {401C9E03-7569-4268-9054-F30A10E7ED79}
		{FCD2C558-2A8E-48AB-9B7D-8C6965005ED2} = {401C9E03-7569-4268-9054-F30A10E7ED79}
		{5DECC136-885F-447C-B84F-DF7393E61587} = {E71AB41A-D8F4-4CAF-84BB-544342C98FAC}
		{F4CEA431-348A-4857-A76E-018AF99ABF26} = {E71AB41A-D8F4-4CAF-84BB-544342C98FAC}
		{446A5674-F2E1-4D09-BCAA-0B2D15C9F18F} = {EF090163-9F21-4EBD-984D-6B8961CBE5A6}
	EndGlobalSection
	GlobalSection(ExtensibilityGlobals) = postSolution
		SolutionGuid = {5561F53D-0319-47EF-A02D-57D473768005}
	EndGlobalSection
EndGlobal
